// !$*UTF8*$!
{
	archiveVersion = 1;
	classes = {
	};
	objectVersion = 56;
	objects = {

/* Begin PBXBuildFile section */
		7A0004E62CF3270D0071E4C0 /* CustomBottomBar.swift in Sources */ = {isa = PBXBuildFile; fileRef = 7A0004E52CF3270D0071E4C0 /* CustomBottomBar.swift */; };
		7A0004E92CF349B70071E4C0 /* SplashScreenView.swift in Sources */ = {isa = PBXBuildFile; fileRef = 7A0004E82CF349B70071E4C0 /* SplashScreenView.swift */; };
		7A0004ED2CF350520071E4C0 /* SplashScreenViewController.swift in Sources */ = {isa = PBXBuildFile; fileRef = 7A0004EC2CF350520071E4C0 /* SplashScreenViewController.swift */; };
		7A0004F02CF355710071E4C0 /* Home.swift in Sources */ = {isa = PBXBuildFile; fileRef = 7A0004EF2CF355710071E4C0 /* Home.swift */; };
		7A0004F22CF358A20071E4C0 /* BiometricAuthManager.swift in Sources */ = {isa = PBXBuildFile; fileRef = 7A0004F12CF358A20071E4C0 /* BiometricAuthManager.swift */; };
		7A0005172CF375600071E4C0 /* Assets.xcassets in Resources */ = {isa = PBXBuildFile; fileRef = 7A0005162CF375600071E4C0 /* Assets.xcassets */; };
		7A29B08E2D075D96001B94B3 /* CurrencyConversionRequest.swift in Sources */ = {isa = PBXBuildFile; fileRef = 7A29B08D2D075D96001B94B3 /* CurrencyConversionRequest.swift */; };
		7A29B0902D075DBA001B94B3 /* SendTransactionRequest.swift in Sources */ = {isa = PBXBuildFile; fileRef = 7A29B08F2D075DBA001B94B3 /* SendTransactionRequest.swift */; };
		7A29B0922D075E05001B94B3 /* WalletSolana.swift in Sources */ = {isa = PBXBuildFile; fileRef = 7A29B0912D075E05001B94B3 /* WalletSolana.swift */; };
		7A29B0942D076043001B94B3 /* WalletRepository.swift in Sources */ = {isa = PBXBuildFile; fileRef = 7A29B0932D076043001B94B3 /* WalletRepository.swift */; };
		7A29B0962D07650F001B94B3 /* WalletUI.swift in Sources */ = {isa = PBXBuildFile; fileRef = 7A29B0952D07650F001B94B3 /* WalletUI.swift */; };
		7A29B0992D077FAB001B94B3 /* GenerateQrCode.swift in Sources */ = {isa = PBXBuildFile; fileRef = 7A29B0982D077FAA001B94B3 /* GenerateQrCode.swift */; };
		7A6F5F8A2CE4EEAE0015DEAF /* signinView.swift in Sources */ = {isa = PBXBuildFile; fileRef = 7A6F5F892CE4EEAE0015DEAF /* signinView.swift */; };
		7A6F5F8D2CE4EF050015DEAF /* forgetPasswordViewodel.swift in Sources */ = {isa = PBXBuildFile; fileRef = 7A6F5F8C2CE4EF050015DEAF /* forgetPasswordViewodel.swift */; };
		7A6F5F8F2CE4EF160015DEAF /* forgetPasswordView.swift in Sources */ = {isa = PBXBuildFile; fileRef = 7A6F5F8E2CE4EF160015DEAF /* forgetPasswordView.swift */; };
		7A6F5F912CE4EFAA0015DEAF /* ContentView.swift in Sources */ = {isa = PBXBuildFile; fileRef = 7A6F5F902CE4EFAA0015DEAF /* ContentView.swift */; };
		7A6F5F942CE4EFE00015DEAF /* signupView.swift in Sources */ = {isa = PBXBuildFile; fileRef = 7A6F5F932CE4EFE00015DEAF /* signupView.swift */; };
		7A6F5F962CE4EFF10015DEAF /* signupViewModel.swift in Sources */ = {isa = PBXBuildFile; fileRef = 7A6F5F952CE4EFF10015DEAF /* signupViewModel.swift */; };
		7A8BBB652CECF0E00081BEE2 /* HomeBrich.swift in Sources */ = {isa = PBXBuildFile; fileRef = 7A8BBB642CECF0E00081BEE2 /* HomeBrich.swift */; };
		7A8ED0312D0A148300070EEA /* CodeScanner in Frameworks */ = {isa = PBXBuildFile; productRef = 7A8ED0302D0A148300070EEA /* CodeScanner */; };
		7A8ED0332D0A1A3D00070EEA /* QRScannerView.swift in Sources */ = {isa = PBXBuildFile; fileRef = 7A8ED0322D0A1A3D00070EEA /* QRScannerView.swift */; };
		7AB16D972CEE58FA001855CA /* SwiftKeychainWrapper in Frameworks */ = {isa = PBXBuildFile; productRef = 7AB16D962CEE58FA001855CA /* SwiftKeychainWrapper */; };
		7AB16DA62CEE7852001855CA /* ExchangeRate.swift in Sources */ = {isa = PBXBuildFile; fileRef = 7AB16DA52CEE7852001855CA /* ExchangeRate.swift */; };
		7AB16DA92CEE78E6001855CA /* ExchangeRateView.swift in Sources */ = {isa = PBXBuildFile; fileRef = 7AB16DA82CEE78E6001855CA /* ExchangeRateView.swift */; };
		7AB16DAB2CEE78FC001855CA /* ExchangeRateModelView.swift in Sources */ = {isa = PBXBuildFile; fileRef = 7AB16DAA2CEE78FC001855CA /* ExchangeRateModelView.swift */; };
		7AB16DAD2CEE7914001855CA /* ExchangeRateRepository.swift in Sources */ = {isa = PBXBuildFile; fileRef = 7AB16DAC2CEE7914001855CA /* ExchangeRateRepository.swift */; };
		7AB16DB02CEE81B2001855CA /* CurrencyDropdown.swift in Sources */ = {isa = PBXBuildFile; fileRef = 7AB16DAF2CEE81B2001855CA /* CurrencyDropdown.swift */; };
		7AB16DB22CEE81EE001855CA /* ExchangeRateRow.swift in Sources */ = {isa = PBXBuildFile; fileRef = 7AB16DB12CEE81EE001855CA /* ExchangeRateRow.swift */; };
		7AB16DB62CEE826F001855CA /* ProfilView.swift in Sources */ = {isa = PBXBuildFile; fileRef = 7AB16DB52CEE826F001855CA /* ProfilView.swift */; };
		7AB16DBA2CEE833F001855CA /* walletView.swift in Sources */ = {isa = PBXBuildFile; fileRef = 7AB16DB92CEE833F001855CA /* walletView.swift */; };
		7AB16DBC2CEE838A001855CA /* transaction.swift in Sources */ = {isa = PBXBuildFile; fileRef = 7AB16DBB2CEE838A001855CA /* transaction.swift */; };
		7AB16DBE2CEE83DF001855CA /* Wallet.swift in Sources */ = {isa = PBXBuildFile; fileRef = 7AB16DBD2CEE83DF001855CA /* Wallet.swift */; };
		7AB16DC02CEE8445001855CA /* WalletDetailView.swift in Sources */ = {isa = PBXBuildFile; fileRef = 7AB16DBF2CEE8445001855CA /* WalletDetailView.swift */; };
		7AB16DC32CEE84D1001855CA /* QuickActionButton.swift in Sources */ = {isa = PBXBuildFile; fileRef = 7AB16DC22CEE84D1001855CA /* QuickActionButton.swift */; };
		7AB16DC52CEE84F8001855CA /* WalletRow.swift in Sources */ = {isa = PBXBuildFile; fileRef = 7AB16DC42CEE84F8001855CA /* WalletRow.swift */; };
		7AB16DC72CEE8579001855CA /* TransactionRow.swift in Sources */ = {isa = PBXBuildFile; fileRef = 7AB16DC62CEE8579001855CA /* TransactionRow.swift */; };
		7AB16DC92CEE8624001855CA /* WalletViewModel.swift in Sources */ = {isa = PBXBuildFile; fileRef = 7AB16DC82CEE8624001855CA /* WalletViewModel.swift */; };
		7AB16DCC2CEE8832001855CA /* settingsView.swift in Sources */ = {isa = PBXBuildFile; fileRef = 7AB16DCB2CEE8832001855CA /* settingsView.swift */; };
		7AB16DD12CEE8D79001855CA /* localStorage.swift in Sources */ = {isa = PBXBuildFile; fileRef = 7AB16DD02CEE8D79001855CA /* localStorage.swift */; };
		7AB16DD42CEEA2D7001855CA /* ListAccountsView.swift in Sources */ = {isa = PBXBuildFile; fileRef = 7AB16DD32CEEA2D7001855CA /* ListAccountsView.swift */; };
		7AB16DD62CEEA2E9001855CA /* ListAccountsViewModel.swift in Sources */ = {isa = PBXBuildFile; fileRef = 7AB16DD52CEEA2E9001855CA /* ListAccountsViewModel.swift */; };
		7AB16DD92CEEA320001855CA /* addAccountView.swift in Sources */ = {isa = PBXBuildFile; fileRef = 7AB16DD82CEEA320001855CA /* addAccountView.swift */; };
		7AB16DDB2CEEA32C001855CA /* AddAccountViewModel.swift in Sources */ = {isa = PBXBuildFile; fileRef = 7AB16DDA2CEEA32C001855CA /* AddAccountViewModel.swift */; };
		7AB16DDE2CEEA35F001855CA /* OTPView.swift in Sources */ = {isa = PBXBuildFile; fileRef = 7AB16DDD2CEEA35F001855CA /* OTPView.swift */; };
		7AB16DE02CEEA386001855CA /* OTPViewModel.swift in Sources */ = {isa = PBXBuildFile; fileRef = 7AB16DDF2CEEA386001855CA /* OTPViewModel.swift */; };
		7AB16DE42CEEA464001855CA /* Accountentity.swift in Sources */ = {isa = PBXBuildFile; fileRef = 7AB16DE32CEEA464001855CA /* Accountentity.swift */; };
		7AB16DE62CEEA488001855CA /* CustomAccount.swift in Sources */ = {isa = PBXBuildFile; fileRef = 7AB16DE52CEEA488001855CA /* CustomAccount.swift */; };
		7ADDF78E2D09DAEB00CD6172 /* AlimentDialogView.swift in Sources */ = {isa = PBXBuildFile; fileRef = 7ADDF78D2D09DAEB00CD6172 /* AlimentDialogView.swift */; };
		7AE95D112D0108750067E558 /* AccountRepository.swift in Sources */ = {isa = PBXBuildFile; fileRef = 7AE95D102D0108750067E558 /* AccountRepository.swift */; };
		7AE95D132D010B9B0067E558 /* Account.swift in Sources */ = {isa = PBXBuildFile; fileRef = 7AE95D122D010B9B0067E558 /* Account.swift */; };
		7AEF60DD2CF77A2100CFA05A /* CurrencyConverterView.swift in Sources */ = {isa = PBXBuildFile; fileRef = 7AEF60DC2CF77A2100CFA05A /* CurrencyConverterView.swift */; };
		7AEF60DF2CF77A3500CFA05A /* CurrencyConverterViewModel.swift in Sources */ = {isa = PBXBuildFile; fileRef = 7AEF60DE2CF77A3500CFA05A /* CurrencyConverterViewModel.swift */; };
		7AEF60E12CF77A9800CFA05A /* CurrencyUiState.swift in Sources */ = {isa = PBXBuildFile; fileRef = 7AEF60E02CF77A9800CFA05A /* CurrencyUiState.swift */; };
		7AEF60E32CF77AB900CFA05A /* ExchangeRateUI.swift in Sources */ = {isa = PBXBuildFile; fileRef = 7AEF60E22CF77AB900CFA05A /* ExchangeRateUI.swift */; };
		7AEF60E62CF787F800CFA05A /* LineChart.swift in Sources */ = {isa = PBXBuildFile; fileRef = 7AEF60E52CF787F800CFA05A /* LineChart.swift */; };
		7AEF60E82CF7899100CFA05A /* PredictionData.swift in Sources */ = {isa = PBXBuildFile; fileRef = 7AEF60E72CF7899100CFA05A /* PredictionData.swift */; };
		7AEF60EA2CF789E300CFA05A /* PredictionRequest.swift in Sources */ = {isa = PBXBuildFile; fileRef = 7AEF60E92CF789E300CFA05A /* PredictionRequest.swift */; };
		7AEF60EC2CF78A5B00CFA05A /* PredictionResponse.swift in Sources */ = {isa = PBXBuildFile; fileRef = 7AEF60EB2CF78A5B00CFA05A /* PredictionResponse.swift */; };
		7AEF60EE2CF78B6700CFA05A /* CurrencyConverterRepository.swift in Sources */ = {isa = PBXBuildFile; fileRef = 7AEF60ED2CF78B6700CFA05A /* CurrencyConverterRepository.swift */; };
		7AEF68242D0A8DF6004F8E3E /* AccountsAPI.swift in Sources */ = {isa = PBXBuildFile; fileRef = 7AEF68232D0A8DF6004F8E3E /* AccountsAPI.swift */; };
		7AEF68292D0A99E8004F8E3E /* KeychainSwift in Frameworks */ = {isa = PBXBuildFile; productRef = 7AEF68282D0A99E8004F8E3E /* KeychainSwift */; };
		7AF0DA9D2D01DD1D00C2CD52 /* NewsItem.swift in Sources */ = {isa = PBXBuildFile; fileRef = 7AF0DA9C2D01DD1D00C2CD52 /* NewsItem.swift */; };
		7AF0DA9F2D01E1DD00C2CD52 /* newsItemsView.swift in Sources */ = {isa = PBXBuildFile; fileRef = 7AF0DA9E2D01E1DD00C2CD52 /* newsItemsView.swift */; };
		7AF251E42CF8A5A800284A49 /* Card.swift in Sources */ = {isa = PBXBuildFile; fileRef = 7AF251E32CF8A5A800284A49 /* Card.swift */; };
		7AF251E62CF8A5C600284A49 /* Expenses.swift in Sources */ = {isa = PBXBuildFile; fileRef = 7AF251E52CF8A5C600284A49 /* Expenses.swift */; };
		7AF295772D1336840089D345 /* SolanaTransaction.swift in Sources */ = {isa = PBXBuildFile; fileRef = 7AF295762D1336840089D345 /* SolanaTransaction.swift */; };
		7AF295792D133AE40089D345 /* TransactionListView.swift in Sources */ = {isa = PBXBuildFile; fileRef = 7AF295782D133AE40089D345 /* TransactionListView.swift */; };
		7AF2957B2D1348310089D345 /* SearchBar.swift in Sources */ = {isa = PBXBuildFile; fileRef = 7AF2957A2D1348310089D345 /* SearchBar.swift */; };
		7AF2957D2D1351E50089D345 /* AllTransactionsView.swift in Sources */ = {isa = PBXBuildFile; fileRef = 7AF2957C2D1351E50089D345 /* AllTransactionsView.swift */; };
		7AF295802D13522B0089D345 /* TransactionStatsHeader.swift in Sources */ = {isa = PBXBuildFile; fileRef = 7AF2957F2D13522B0089D345 /* TransactionStatsHeader.swift */; };
		7AF295822D1352490089D345 /* StatBox.swift in Sources */ = {isa = PBXBuildFile; fileRef = 7AF295812D1352490089D345 /* StatBox.swift */; };
		7AF295842D1352860089D345 /* EmptyTransactionsView.swift in Sources */ = {isa = PBXBuildFile; fileRef = 7AF295832D1352860089D345 /* EmptyTransactionsView.swift */; };
		7AF295862D1443C80089D345 /* CreateTNDWalletRequest.swift in Sources */ = {isa = PBXBuildFile; fileRef = 7AF295852D1443C80089D345 /* CreateTNDWalletRequest.swift */; };
		7AF295882D1445560089D345 /* CreateTNDWalletView.swift in Sources */ = {isa = PBXBuildFile; fileRef = 7AF295872D1445560089D345 /* CreateTNDWalletView.swift */; };
		7AF2958A2D1452AE0089D345 /* TNDWalletCard.swift in Sources */ = {isa = PBXBuildFile; fileRef = 7AF295892D1452AE0089D345 /* TNDWalletCard.swift */; };
		7AF2958C2D1453240089D345 /* QuickActionItem.swift in Sources */ = {isa = PBXBuildFile; fileRef = 7AF2958B2D1453240089D345 /* QuickActionItem.swift */; };
		7AF2958E2D14534D0089D345 /* StatItem.swift in Sources */ = {isa = PBXBuildFile; fileRef = 7AF2958D2D14534D0089D345 /* StatItem.swift */; };
		7AF295902D14546C0089D345 /* TransactionSection.swift in Sources */ = {isa = PBXBuildFile; fileRef = 7AF2958F2D14546C0089D345 /* TransactionSection.swift */; };
		7AF295922D1454940089D345 /* WalletSection.swift in Sources */ = {isa = PBXBuildFile; fileRef = 7AF295912D1454940089D345 /* WalletSection.swift */; };
		7AF295942D1454B80089D345 /* LoadingWalletsView.swift in Sources */ = {isa = PBXBuildFile; fileRef = 7AF295932D1454B80089D345 /* LoadingWalletsView.swift */; };
		7AF295962D1454E10089D345 /* ErrorWalletsView.swift in Sources */ = {isa = PBXBuildFile; fileRef = 7AF295952D1454E10089D345 /* ErrorWalletsView.swift */; };
		7AF295982D1455050089D345 /* EmptyWalletsView.swift in Sources */ = {isa = PBXBuildFile; fileRef = 7AF295972D1455050089D345 /* EmptyWalletsView.swift */; };
		7AF2959C2D1455930089D345 /* WalletCard.swift in Sources */ = {isa = PBXBuildFile; fileRef = 7AF2959B2D1455930089D345 /* WalletCard.swift */; };
		7AF2959E2D1467B30089D345 /* TNDWalletFund.swift in Sources */ = {isa = PBXBuildFile; fileRef = 7AF2959D2D1467B30089D345 /* TNDWalletFund.swift */; };
		7AF79D472CEA03E800DD0C64 /* onBoardingView.swift in Sources */ = {isa = PBXBuildFile; fileRef = 7AF79D462CEA03E800DD0C64 /* onBoardingView.swift */; };
		7AF79D492CEA042D00DD0C64 /* pageView.swift in Sources */ = {isa = PBXBuildFile; fileRef = 7AF79D482CEA042D00DD0C64 /* pageView.swift */; };
		B0DE1F272CE3BAA400432CFB /* AppDelegate.swift in Sources */ = {isa = PBXBuildFile; fileRef = B0DE1F262CE3BAA400432CFB /* AppDelegate.swift */; };
		B0DE1F292CE3BAA400432CFB /* SceneDelegate.swift in Sources */ = {isa = PBXBuildFile; fileRef = B0DE1F282CE3BAA400432CFB /* SceneDelegate.swift */; };
		B0DE1F2E2CE3BAA400432CFB /* Main.storyboard in Resources */ = {isa = PBXBuildFile; fileRef = B0DE1F2C2CE3BAA400432CFB /* Main.storyboard */; };
		B0DE1F312CE3BAA400432CFB /* brichios.xcdatamodeld in Sources */ = {isa = PBXBuildFile; fileRef = B0DE1F2F2CE3BAA400432CFB /* brichios.xcdatamodeld */; };
		B0DE1F332CE3BAA400432CFB /* logo.jpeg in Resources */ = {isa = PBXBuildFile; fileRef = B0DE1F322CE3BAA400432CFB /* logo.jpeg */; };
		B0DE1F362CE3BAA400432CFB /* LaunchScreen.storyboard in Resources */ = {isa = PBXBuildFile; fileRef = B0DE1F342CE3BAA400432CFB /* LaunchScreen.storyboard */; };
		B0DE1F452CE3BC7D00432CFB /* ApiService.swift in Sources */ = {isa = PBXBuildFile; fileRef = B0DE1F442CE3BC7D00432CFB /* ApiService.swift */; };
		B0DE1F472CE3BC8F00432CFB /* User.swift in Sources */ = {isa = PBXBuildFile; fileRef = B0DE1F462CE3BC8F00432CFB /* User.swift */; };
		B0DE1F4A2CE3BCB300432CFB /* siginViewModel.swift in Sources */ = {isa = PBXBuildFile; fileRef = B0DE1F492CE3BCB300432CFB /* siginViewModel.swift */; };
		B0DE1F4C2CE3BCC700432CFB /* signinViewController.swift in Sources */ = {isa = PBXBuildFile; fileRef = B0DE1F4B2CE3BCC700432CFB /* signinViewController.swift */; };
		B0DE1F4E2CE3D4C200432CFB /* LoginRequest.swift in Sources */ = {isa = PBXBuildFile; fileRef = B0DE1F4D2CE3D4C200432CFB /* LoginRequest.swift */; };
		B0DE1F502CE3D56C00432CFB /* LoginResponse.swift in Sources */ = {isa = PBXBuildFile; fileRef = B0DE1F4F2CE3D56C00432CFB /* LoginResponse.swift */; };
		B0DE1F522CE3DB6B00432CFB /* UserRepository.swift in Sources */ = {isa = PBXBuildFile; fileRef = B0DE1F512CE3DB6B00432CFB /* UserRepository.swift */; };
		B0DE1F552CE3DD4100432CFB /* Alamofire in Frameworks */ = {isa = PBXBuildFile; productRef = B0DE1F542CE3DD4100432CFB /* Alamofire */; };
/* End PBXBuildFile section */

/* Begin PBXFileReference section */
		7A0004E52CF3270D0071E4C0 /* CustomBottomBar.swift */ = {isa = PBXFileReference; lastKnownFileType = sourcecode.swift; path = CustomBottomBar.swift; sourceTree = "<group>"; };
		7A0004E82CF349B70071E4C0 /* SplashScreenView.swift */ = {isa = PBXFileReference; lastKnownFileType = sourcecode.swift; path = SplashScreenView.swift; sourceTree = "<group>"; };
		7A0004EC2CF350520071E4C0 /* SplashScreenViewController.swift */ = {isa = PBXFileReference; lastKnownFileType = sourcecode.swift; path = SplashScreenViewController.swift; sourceTree = "<group>"; };
		7A0004EF2CF355710071E4C0 /* Home.swift */ = {isa = PBXFileReference; lastKnownFileType = sourcecode.swift; path = Home.swift; sourceTree = "<group>"; };
		7A0004F12CF358A20071E4C0 /* BiometricAuthManager.swift */ = {isa = PBXFileReference; lastKnownFileType = sourcecode.swift; path = BiometricAuthManager.swift; sourceTree = "<group>"; };
		7A0005162CF375600071E4C0 /* Assets.xcassets */ = {isa = PBXFileReference; lastKnownFileType = folder.assetcatalog; name = Assets.xcassets; path = ../../../Downloads/brichios/brichios/Assets.xcassets; sourceTree = "<group>"; };
		7A29B08D2D075D96001B94B3 /* CurrencyConversionRequest.swift */ = {isa = PBXFileReference; lastKnownFileType = sourcecode.swift; path = CurrencyConversionRequest.swift; sourceTree = "<group>"; };
		7A29B08F2D075DBA001B94B3 /* SendTransactionRequest.swift */ = {isa = PBXFileReference; lastKnownFileType = sourcecode.swift; path = SendTransactionRequest.swift; sourceTree = "<group>"; };
		7A29B0912D075E05001B94B3 /* WalletSolana.swift */ = {isa = PBXFileReference; lastKnownFileType = sourcecode.swift; path = WalletSolana.swift; sourceTree = "<group>"; };
		7A29B0932D076043001B94B3 /* WalletRepository.swift */ = {isa = PBXFileReference; lastKnownFileType = sourcecode.swift; path = WalletRepository.swift; sourceTree = "<group>"; };
		7A29B0952D07650F001B94B3 /* WalletUI.swift */ = {isa = PBXFileReference; lastKnownFileType = sourcecode.swift; path = WalletUI.swift; sourceTree = "<group>"; };
		7A29B0982D077FAA001B94B3 /* GenerateQrCode.swift */ = {isa = PBXFileReference; lastKnownFileType = sourcecode.swift; path = GenerateQrCode.swift; sourceTree = "<group>"; };
		7A6F5F892CE4EEAE0015DEAF /* signinView.swift */ = {isa = PBXFileReference; lastKnownFileType = sourcecode.swift; path = signinView.swift; sourceTree = "<group>"; };
		7A6F5F8C2CE4EF050015DEAF /* forgetPasswordViewodel.swift */ = {isa = PBXFileReference; lastKnownFileType = sourcecode.swift; path = forgetPasswordViewodel.swift; sourceTree = "<group>"; };
		7A6F5F8E2CE4EF160015DEAF /* forgetPasswordView.swift */ = {isa = PBXFileReference; lastKnownFileType = sourcecode.swift; path = forgetPasswordView.swift; sourceTree = "<group>"; };
		7A6F5F902CE4EFAA0015DEAF /* ContentView.swift */ = {isa = PBXFileReference; lastKnownFileType = sourcecode.swift; path = ContentView.swift; sourceTree = "<group>"; };
		7A6F5F932CE4EFE00015DEAF /* signupView.swift */ = {isa = PBXFileReference; lastKnownFileType = sourcecode.swift; path = signupView.swift; sourceTree = "<group>"; };
		7A6F5F952CE4EFF10015DEAF /* signupViewModel.swift */ = {isa = PBXFileReference; lastKnownFileType = sourcecode.swift; path = signupViewModel.swift; sourceTree = "<group>"; };
		7A8BBB642CECF0E00081BEE2 /* HomeBrich.swift */ = {isa = PBXFileReference; lastKnownFileType = sourcecode.swift; path = HomeBrich.swift; sourceTree = "<group>"; };
		7A8ED0322D0A1A3D00070EEA /* QRScannerView.swift */ = {isa = PBXFileReference; lastKnownFileType = sourcecode.swift; path = QRScannerView.swift; sourceTree = "<group>"; };
		7AB16DA52CEE7852001855CA /* ExchangeRate.swift */ = {isa = PBXFileReference; lastKnownFileType = sourcecode.swift; path = ExchangeRate.swift; sourceTree = "<group>"; };
		7AB16DA82CEE78E6001855CA /* ExchangeRateView.swift */ = {isa = PBXFileReference; lastKnownFileType = sourcecode.swift; path = ExchangeRateView.swift; sourceTree = "<group>"; };
		7AB16DAA2CEE78FC001855CA /* ExchangeRateModelView.swift */ = {isa = PBXFileReference; lastKnownFileType = sourcecode.swift; path = ExchangeRateModelView.swift; sourceTree = "<group>"; };
		7AB16DAC2CEE7914001855CA /* ExchangeRateRepository.swift */ = {isa = PBXFileReference; lastKnownFileType = sourcecode.swift; path = ExchangeRateRepository.swift; sourceTree = "<group>"; };
		7AB16DAF2CEE81B2001855CA /* CurrencyDropdown.swift */ = {isa = PBXFileReference; lastKnownFileType = sourcecode.swift; path = CurrencyDropdown.swift; sourceTree = "<group>"; };
		7AB16DB12CEE81EE001855CA /* ExchangeRateRow.swift */ = {isa = PBXFileReference; lastKnownFileType = sourcecode.swift; path = ExchangeRateRow.swift; sourceTree = "<group>"; };
		7AB16DB52CEE826F001855CA /* ProfilView.swift */ = {isa = PBXFileReference; lastKnownFileType = sourcecode.swift; path = ProfilView.swift; sourceTree = "<group>"; };
		7AB16DB92CEE833F001855CA /* walletView.swift */ = {isa = PBXFileReference; lastKnownFileType = sourcecode.swift; path = walletView.swift; sourceTree = "<group>"; };
		7AB16DBB2CEE838A001855CA /* transaction.swift */ = {isa = PBXFileReference; lastKnownFileType = sourcecode.swift; path = transaction.swift; sourceTree = "<group>"; };
		7AB16DBD2CEE83DF001855CA /* Wallet.swift */ = {isa = PBXFileReference; lastKnownFileType = sourcecode.swift; path = Wallet.swift; sourceTree = "<group>"; };
		7AB16DBF2CEE8445001855CA /* WalletDetailView.swift */ = {isa = PBXFileReference; lastKnownFileType = sourcecode.swift; path = WalletDetailView.swift; sourceTree = "<group>"; };
		7AB16DC22CEE84D1001855CA /* QuickActionButton.swift */ = {isa = PBXFileReference; lastKnownFileType = sourcecode.swift; path = QuickActionButton.swift; sourceTree = "<group>"; };
		7AB16DC42CEE84F8001855CA /* WalletRow.swift */ = {isa = PBXFileReference; lastKnownFileType = sourcecode.swift; path = WalletRow.swift; sourceTree = "<group>"; };
		7AB16DC62CEE8579001855CA /* TransactionRow.swift */ = {isa = PBXFileReference; lastKnownFileType = sourcecode.swift; path = TransactionRow.swift; sourceTree = "<group>"; };
		7AB16DC82CEE8624001855CA /* WalletViewModel.swift */ = {isa = PBXFileReference; lastKnownFileType = sourcecode.swift; path = WalletViewModel.swift; sourceTree = "<group>"; };
		7AB16DCB2CEE8832001855CA /* settingsView.swift */ = {isa = PBXFileReference; lastKnownFileType = sourcecode.swift; path = settingsView.swift; sourceTree = "<group>"; };
		7AB16DD02CEE8D79001855CA /* localStorage.swift */ = {isa = PBXFileReference; lastKnownFileType = sourcecode.swift; path = localStorage.swift; sourceTree = "<group>"; };
		7AB16DD32CEEA2D7001855CA /* ListAccountsView.swift */ = {isa = PBXFileReference; lastKnownFileType = sourcecode.swift; path = ListAccountsView.swift; sourceTree = "<group>"; };
		7AB16DD52CEEA2E9001855CA /* ListAccountsViewModel.swift */ = {isa = PBXFileReference; lastKnownFileType = sourcecode.swift; path = ListAccountsViewModel.swift; sourceTree = "<group>"; };
		7AB16DD82CEEA320001855CA /* addAccountView.swift */ = {isa = PBXFileReference; lastKnownFileType = sourcecode.swift; path = addAccountView.swift; sourceTree = "<group>"; };
		7AB16DDA2CEEA32C001855CA /* AddAccountViewModel.swift */ = {isa = PBXFileReference; lastKnownFileType = sourcecode.swift; path = AddAccountViewModel.swift; sourceTree = "<group>"; };
		7AB16DDD2CEEA35F001855CA /* OTPView.swift */ = {isa = PBXFileReference; lastKnownFileType = sourcecode.swift; path = OTPView.swift; sourceTree = "<group>"; };
		7AB16DDF2CEEA386001855CA /* OTPViewModel.swift */ = {isa = PBXFileReference; lastKnownFileType = sourcecode.swift; path = OTPViewModel.swift; sourceTree = "<group>"; };
		7AB16DE32CEEA464001855CA /* Accountentity.swift */ = {isa = PBXFileReference; lastKnownFileType = sourcecode.swift; path = Accountentity.swift; sourceTree = "<group>"; };
		7AB16DE52CEEA488001855CA /* CustomAccount.swift */ = {isa = PBXFileReference; lastKnownFileType = sourcecode.swift; path = CustomAccount.swift; sourceTree = "<group>"; };
		7ADDF78D2D09DAEB00CD6172 /* AlimentDialogView.swift */ = {isa = PBXFileReference; lastKnownFileType = sourcecode.swift; path = AlimentDialogView.swift; sourceTree = "<group>"; };
		7AE95D102D0108750067E558 /* AccountRepository.swift */ = {isa = PBXFileReference; lastKnownFileType = sourcecode.swift; path = AccountRepository.swift; sourceTree = "<group>"; };
		7AE95D122D010B9B0067E558 /* Account.swift */ = {isa = PBXFileReference; lastKnownFileType = sourcecode.swift; path = Account.swift; sourceTree = "<group>"; };
		7AEF60DC2CF77A2100CFA05A /* CurrencyConverterView.swift */ = {isa = PBXFileReference; lastKnownFileType = sourcecode.swift; path = CurrencyConverterView.swift; sourceTree = "<group>"; };
		7AEF60DE2CF77A3500CFA05A /* CurrencyConverterViewModel.swift */ = {isa = PBXFileReference; lastKnownFileType = sourcecode.swift; path = CurrencyConverterViewModel.swift; sourceTree = "<group>"; };
		7AEF60E02CF77A9800CFA05A /* CurrencyUiState.swift */ = {isa = PBXFileReference; lastKnownFileType = sourcecode.swift; path = CurrencyUiState.swift; sourceTree = "<group>"; };
		7AEF60E22CF77AB900CFA05A /* ExchangeRateUI.swift */ = {isa = PBXFileReference; lastKnownFileType = sourcecode.swift; path = ExchangeRateUI.swift; sourceTree = "<group>"; };
		7AEF60E52CF787F800CFA05A /* LineChart.swift */ = {isa = PBXFileReference; lastKnownFileType = sourcecode.swift; path = LineChart.swift; sourceTree = "<group>"; };
		7AEF60E72CF7899100CFA05A /* PredictionData.swift */ = {isa = PBXFileReference; lastKnownFileType = sourcecode.swift; path = PredictionData.swift; sourceTree = "<group>"; };
		7AEF60E92CF789E300CFA05A /* PredictionRequest.swift */ = {isa = PBXFileReference; lastKnownFileType = sourcecode.swift; path = PredictionRequest.swift; sourceTree = "<group>"; };
		7AEF60EB2CF78A5B00CFA05A /* PredictionResponse.swift */ = {isa = PBXFileReference; lastKnownFileType = sourcecode.swift; path = PredictionResponse.swift; sourceTree = "<group>"; };
		7AEF60ED2CF78B6700CFA05A /* CurrencyConverterRepository.swift */ = {isa = PBXFileReference; lastKnownFileType = sourcecode.swift; path = CurrencyConverterRepository.swift; sourceTree = "<group>"; };
		7AEF68232D0A8DF6004F8E3E /* AccountsAPI.swift */ = {isa = PBXFileReference; lastKnownFileType = sourcecode.swift; path = AccountsAPI.swift; sourceTree = "<group>"; };
		7AF0DA9C2D01DD1D00C2CD52 /* NewsItem.swift */ = {isa = PBXFileReference; lastKnownFileType = sourcecode.swift; path = NewsItem.swift; sourceTree = "<group>"; };
		7AF0DA9E2D01E1DD00C2CD52 /* newsItemsView.swift */ = {isa = PBXFileReference; lastKnownFileType = sourcecode.swift; path = newsItemsView.swift; sourceTree = "<group>"; };
		7AF251E32CF8A5A800284A49 /* Card.swift */ = {isa = PBXFileReference; lastKnownFileType = sourcecode.swift; path = Card.swift; sourceTree = "<group>"; };
		7AF251E52CF8A5C600284A49 /* Expenses.swift */ = {isa = PBXFileReference; lastKnownFileType = sourcecode.swift; path = Expenses.swift; sourceTree = "<group>"; };
		7AF295762D1336840089D345 /* SolanaTransaction.swift */ = {isa = PBXFileReference; lastKnownFileType = sourcecode.swift; path = SolanaTransaction.swift; sourceTree = "<group>"; };
		7AF295782D133AE40089D345 /* TransactionListView.swift */ = {isa = PBXFileReference; lastKnownFileType = sourcecode.swift; path = TransactionListView.swift; sourceTree = "<group>"; };
		7AF2957A2D1348310089D345 /* SearchBar.swift */ = {isa = PBXFileReference; lastKnownFileType = sourcecode.swift; path = SearchBar.swift; sourceTree = "<group>"; };
		7AF2957C2D1351E50089D345 /* AllTransactionsView.swift */ = {isa = PBXFileReference; lastKnownFileType = sourcecode.swift; path = AllTransactionsView.swift; sourceTree = "<group>"; };
		7AF2957F2D13522B0089D345 /* TransactionStatsHeader.swift */ = {isa = PBXFileReference; lastKnownFileType = sourcecode.swift; path = TransactionStatsHeader.swift; sourceTree = "<group>"; };
		7AF295812D1352490089D345 /* StatBox.swift */ = {isa = PBXFileReference; lastKnownFileType = sourcecode.swift; path = StatBox.swift; sourceTree = "<group>"; };
		7AF295832D1352860089D345 /* EmptyTransactionsView.swift */ = {isa = PBXFileReference; lastKnownFileType = sourcecode.swift; path = EmptyTransactionsView.swift; sourceTree = "<group>"; };
		7AF295852D1443C80089D345 /* CreateTNDWalletRequest.swift */ = {isa = PBXFileReference; lastKnownFileType = sourcecode.swift; path = CreateTNDWalletRequest.swift; sourceTree = "<group>"; };
		7AF295872D1445560089D345 /* CreateTNDWalletView.swift */ = {isa = PBXFileReference; lastKnownFileType = sourcecode.swift; path = CreateTNDWalletView.swift; sourceTree = "<group>"; };
		7AF295892D1452AE0089D345 /* TNDWalletCard.swift */ = {isa = PBXFileReference; lastKnownFileType = sourcecode.swift; path = TNDWalletCard.swift; sourceTree = "<group>"; };
		7AF2958B2D1453240089D345 /* QuickActionItem.swift */ = {isa = PBXFileReference; lastKnownFileType = sourcecode.swift; path = QuickActionItem.swift; sourceTree = "<group>"; };
		7AF2958D2D14534D0089D345 /* StatItem.swift */ = {isa = PBXFileReference; lastKnownFileType = sourcecode.swift; path = StatItem.swift; sourceTree = "<group>"; };
		7AF2958F2D14546C0089D345 /* TransactionSection.swift */ = {isa = PBXFileReference; lastKnownFileType = sourcecode.swift; path = TransactionSection.swift; sourceTree = "<group>"; };
		7AF295912D1454940089D345 /* WalletSection.swift */ = {isa = PBXFileReference; lastKnownFileType = sourcecode.swift; path = WalletSection.swift; sourceTree = "<group>"; };
		7AF295932D1454B80089D345 /* LoadingWalletsView.swift */ = {isa = PBXFileReference; lastKnownFileType = sourcecode.swift; path = LoadingWalletsView.swift; sourceTree = "<group>"; };
		7AF295952D1454E10089D345 /* ErrorWalletsView.swift */ = {isa = PBXFileReference; lastKnownFileType = sourcecode.swift; path = ErrorWalletsView.swift; sourceTree = "<group>"; };
		7AF295972D1455050089D345 /* EmptyWalletsView.swift */ = {isa = PBXFileReference; lastKnownFileType = sourcecode.swift; path = EmptyWalletsView.swift; sourceTree = "<group>"; };
		7AF2959B2D1455930089D345 /* WalletCard.swift */ = {isa = PBXFileReference; lastKnownFileType = sourcecode.swift; path = WalletCard.swift; sourceTree = "<group>"; };
		7AF2959D2D1467B30089D345 /* TNDWalletFund.swift */ = {isa = PBXFileReference; lastKnownFileType = sourcecode.swift; path = TNDWalletFund.swift; sourceTree = "<group>"; };
		7AF79D462CEA03E800DD0C64 /* onBoardingView.swift */ = {isa = PBXFileReference; lastKnownFileType = sourcecode.swift; path = onBoardingView.swift; sourceTree = "<group>"; };
		7AF79D482CEA042D00DD0C64 /* pageView.swift */ = {isa = PBXFileReference; lastKnownFileType = sourcecode.swift; path = pageView.swift; sourceTree = "<group>"; };
		B0DE1F232CE3BAA400432CFB /* brichios.app */ = {isa = PBXFileReference; explicitFileType = wrapper.application; includeInIndex = 0; path = brichios.app; sourceTree = BUILT_PRODUCTS_DIR; };
		B0DE1F262CE3BAA400432CFB /* AppDelegate.swift */ = {isa = PBXFileReference; lastKnownFileType = sourcecode.swift; path = AppDelegate.swift; sourceTree = "<group>"; };
		B0DE1F282CE3BAA400432CFB /* SceneDelegate.swift */ = {isa = PBXFileReference; lastKnownFileType = sourcecode.swift; path = SceneDelegate.swift; sourceTree = "<group>"; };
		B0DE1F2D2CE3BAA400432CFB /* Base */ = {isa = PBXFileReference; lastKnownFileType = file.storyboard; name = Base; path = Base.lproj/Main.storyboard; sourceTree = "<group>"; };
		B0DE1F302CE3BAA400432CFB /* brichios.xcdatamodel */ = {isa = PBXFileReference; lastKnownFileType = wrapper.xcdatamodel; path = brichios.xcdatamodel; sourceTree = "<group>"; };
		B0DE1F322CE3BAA400432CFB /* logo.jpeg */ = {isa = PBXFileReference; lastKnownFileType = image.jpeg; name = logo.jpeg; path = Assets.xcassets/logo.imageset/logo.jpeg; sourceTree = "<group>"; };
		B0DE1F352CE3BAA400432CFB /* Base */ = {isa = PBXFileReference; lastKnownFileType = file.storyboard; name = Base; path = Base.lproj/LaunchScreen.storyboard; sourceTree = "<group>"; };
		B0DE1F372CE3BAA400432CFB /* Info.plist */ = {isa = PBXFileReference; lastKnownFileType = text.plist.xml; path = Info.plist; sourceTree = "<group>"; };
		B0DE1F442CE3BC7D00432CFB /* ApiService.swift */ = {isa = PBXFileReference; lastKnownFileType = sourcecode.swift; path = ApiService.swift; sourceTree = "<group>"; };
		B0DE1F462CE3BC8F00432CFB /* User.swift */ = {isa = PBXFileReference; lastKnownFileType = sourcecode.swift; path = User.swift; sourceTree = "<group>"; };
		B0DE1F492CE3BCB300432CFB /* siginViewModel.swift */ = {isa = PBXFileReference; lastKnownFileType = sourcecode.swift; path = siginViewModel.swift; sourceTree = "<group>"; };
		B0DE1F4B2CE3BCC700432CFB /* signinViewController.swift */ = {isa = PBXFileReference; lastKnownFileType = sourcecode.swift; path = signinViewController.swift; sourceTree = "<group>"; };
		B0DE1F4D2CE3D4C200432CFB /* LoginRequest.swift */ = {isa = PBXFileReference; lastKnownFileType = sourcecode.swift; path = LoginRequest.swift; sourceTree = "<group>"; };
		B0DE1F4F2CE3D56C00432CFB /* LoginResponse.swift */ = {isa = PBXFileReference; lastKnownFileType = sourcecode.swift; path = LoginResponse.swift; sourceTree = "<group>"; };
		B0DE1F512CE3DB6B00432CFB /* UserRepository.swift */ = {isa = PBXFileReference; lastKnownFileType = sourcecode.swift; path = UserRepository.swift; sourceTree = "<group>"; };
/* End PBXFileReference section */

/* Begin PBXFrameworksBuildPhase section */
		B0DE1F202CE3BAA400432CFB /* Frameworks */ = {
			isa = PBXFrameworksBuildPhase;
			buildActionMask = 2147483647;
			files = (
				7AB16D972CEE58FA001855CA /* SwiftKeychainWrapper in Frameworks */,
				B0DE1F552CE3DD4100432CFB /* Alamofire in Frameworks */,
				7AEF68292D0A99E8004F8E3E /* KeychainSwift in Frameworks */,
				7A8ED0312D0A148300070EEA /* CodeScanner in Frameworks */,
			);
			runOnlyForDeploymentPostprocessing = 0;
		};
/* End PBXFrameworksBuildPhase section */

/* Begin PBXGroup section */
		7A0004E42CF326F20071E4C0 /* BottomBar */ = {
			isa = PBXGroup;
			children = (
				7A0004E52CF3270D0071E4C0 /* CustomBottomBar.swift */,
			);
			path = BottomBar;
			sourceTree = "<group>";
		};
		7A0004E72CF3499A0071E4C0 /* SplashScreen */ = {
			isa = PBXGroup;
			children = (
				7A0004E82CF349B70071E4C0 /* SplashScreenView.swift */,
				7A0004EC2CF350520071E4C0 /* SplashScreenViewController.swift */,
			);
			path = SplashScreen;
			sourceTree = "<group>";
		};
		7A0004EE2CF355560071E4C0 /* AuthenticationPage */ = {
			isa = PBXGroup;
			children = (
				7A0004EF2CF355710071E4C0 /* Home.swift */,
			);
			path = AuthenticationPage;
			sourceTree = "<group>";
		};
		7A29B0972D077F95001B94B3 /* Alerts */ = {
			isa = PBXGroup;
			children = (
				7ADDF78D2D09DAEB00CD6172 /* AlimentDialogView.swift */,
				7A29B0982D077FAA001B94B3 /* GenerateQrCode.swift */,
				7A8ED0322D0A1A3D00070EEA /* QRScannerView.swift */,
				7AF295872D1445560089D345 /* CreateTNDWalletView.swift */,
				7AF2959D2D1467B30089D345 /* TNDWalletFund.swift */,
			);
			path = Alerts;
			sourceTree = "<group>";
		};
		7A6F5F8B2CE4EEE80015DEAF /* forgetPassword */ = {
			isa = PBXGroup;
			children = (
				7A6F5F8C2CE4EF050015DEAF /* forgetPasswordViewodel.swift */,
				7A6F5F8E2CE4EF160015DEAF /* forgetPasswordView.swift */,
			);
			path = forgetPassword;
			sourceTree = "<group>";
		};
		7A6F5F922CE4EFC00015DEAF /* signup */ = {
			isa = PBXGroup;
			children = (
				7A6F5F932CE4EFE00015DEAF /* signupView.swift */,
				7A6F5F952CE4EFF10015DEAF /* signupViewModel.swift */,
			);
			path = signup;
			sourceTree = "<group>";
		};
		7AB16D8E2CEE12D1001855CA /* models */ = {
			isa = PBXGroup;
			children = (
				B0DE1F4F2CE3D56C00432CFB /* LoginResponse.swift */,
				B0DE1F4D2CE3D4C200432CFB /* LoginRequest.swift */,
				7AEF60E02CF77A9800CFA05A /* CurrencyUiState.swift */,
				7AEF60E22CF77AB900CFA05A /* ExchangeRateUI.swift */,
				7AEF60E92CF789E300CFA05A /* PredictionRequest.swift */,
				7AEF60EB2CF78A5B00CFA05A /* PredictionResponse.swift */,
				7AE95D122D010B9B0067E558 /* Account.swift */,
				7AF0DA9C2D01DD1D00C2CD52 /* NewsItem.swift */,
				7A29B08D2D075D96001B94B3 /* CurrencyConversionRequest.swift */,
				7AEF60E72CF7899100CFA05A /* PredictionData.swift */,
				7A29B08F2D075DBA001B94B3 /* SendTransactionRequest.swift */,
				7A29B0952D07650F001B94B3 /* WalletUI.swift */,
				7AF295852D1443C80089D345 /* CreateTNDWalletRequest.swift */,
			);
			name = models;
			sourceTree = "<group>";
		};
		7AB16DA72CEE78CA001855CA /* ExchangeRate */ = {
			isa = PBXGroup;
			children = (
				7AB16DB32CEE8205001855CA /* ExchangeRate_components */,
				7AB16DA82CEE78E6001855CA /* ExchangeRateView.swift */,
				7AB16DAA2CEE78FC001855CA /* ExchangeRateModelView.swift */,
			);
			path = ExchangeRate;
			sourceTree = "<group>";
		};
		7AB16DB32CEE8205001855CA /* ExchangeRate_components */ = {
			isa = PBXGroup;
			children = (
				7AB16DB12CEE81EE001855CA /* ExchangeRateRow.swift */,
				7AB16DAF2CEE81B2001855CA /* CurrencyDropdown.swift */,
				7AF0DA9E2D01E1DD00C2CD52 /* newsItemsView.swift */,
			);
			path = ExchangeRate_components;
			sourceTree = "<group>";
		};
		7AB16DB42CEE825D001855CA /* Profil */ = {
			isa = PBXGroup;
			children = (
				7AEF60DA2CF779AD00CFA05A /* CurrencyConverter */,
				7AB16DB52CEE826F001855CA /* ProfilView.swift */,
			);
			path = Profil;
			sourceTree = "<group>";
		};
		7AB16DB82CEE832F001855CA /* Wallets */ = {
			isa = PBXGroup;
			children = (
				7AB16DC12CEE84A2001855CA /* Wallets_components */,
				7AB16DB92CEE833F001855CA /* walletView.swift */,
				7AB16DC82CEE8624001855CA /* WalletViewModel.swift */,
			);
			path = Wallets;
			sourceTree = "<group>";
		};
		7AB16DC12CEE84A2001855CA /* Wallets_components */ = {
			isa = PBXGroup;
			children = (
				7AF2957E2D1352120089D345 /* Transaction */,
				7A29B0972D077F95001B94B3 /* Alerts */,
				7AB16DBF2CEE8445001855CA /* WalletDetailView.swift */,
				7AB16DC22CEE84D1001855CA /* QuickActionButton.swift */,
				7AB16DC42CEE84F8001855CA /* WalletRow.swift */,
				7AB16DC62CEE8579001855CA /* TransactionRow.swift */,
				7AF251E32CF8A5A800284A49 /* Card.swift */,
				7AF251E52CF8A5C600284A49 /* Expenses.swift */,
				7AF295782D133AE40089D345 /* TransactionListView.swift */,
				7AF2957A2D1348310089D345 /* SearchBar.swift */,
				7AF295892D1452AE0089D345 /* TNDWalletCard.swift */,
				7AF2958B2D1453240089D345 /* QuickActionItem.swift */,
				7AF2958D2D14534D0089D345 /* StatItem.swift */,
				7AF2958F2D14546C0089D345 /* TransactionSection.swift */,
				7AF295912D1454940089D345 /* WalletSection.swift */,
				7AF295932D1454B80089D345 /* LoadingWalletsView.swift */,
				7AF295952D1454E10089D345 /* ErrorWalletsView.swift */,
				7AF295972D1455050089D345 /* EmptyWalletsView.swift */,
				7AF2959B2D1455930089D345 /* WalletCard.swift */,
			);
			path = Wallets_components;
			sourceTree = "<group>";
		};
		7AB16DCA2CEE8812001855CA /* Settings */ = {
			isa = PBXGroup;
			children = (
				7AB16DCB2CEE8832001855CA /* settingsView.swift */,
			);
			path = Settings;
			sourceTree = "<group>";
		};
		7AB16DCD2CEE8D19001855CA /* local */ = {
			isa = PBXGroup;
			children = (
				7AB16DD02CEE8D79001855CA /* localStorage.swift */,
				7A0004F12CF358A20071E4C0 /* BiometricAuthManager.swift */,
			);
			path = local;
			sourceTree = "<group>";
		};
		7AB16DD22CEEA2B3001855CA /* ListAccounts */ = {
			isa = PBXGroup;
			children = (
				7AB16DD32CEEA2D7001855CA /* ListAccountsView.swift */,
				7AB16DD52CEEA2E9001855CA /* ListAccountsViewModel.swift */,
			);
			path = ListAccounts;
			sourceTree = "<group>";
		};
		7AB16DD72CEEA30A001855CA /* AddAccount */ = {
			isa = PBXGroup;
			children = (
				7AB16DD82CEEA320001855CA /* addAccountView.swift */,
				7AB16DDA2CEEA32C001855CA /* AddAccountViewModel.swift */,
			);
			path = AddAccount;
			sourceTree = "<group>";
		};
		7AB16DDC2CEEA352001855CA /* OTP */ = {
			isa = PBXGroup;
			children = (
				7AB16DDD2CEEA35F001855CA /* OTPView.swift */,
				7AB16DDF2CEEA386001855CA /* OTPViewModel.swift */,
			);
			path = OTP;
			sourceTree = "<group>";
		};
		7AEF60DA2CF779AD00CFA05A /* CurrencyConverter */ = {
			isa = PBXGroup;
			children = (
			);
			path = CurrencyConverter;
			sourceTree = "<group>";
		};
		7AEF60DB2CF77A0600CFA05A /* CurrencyConverter */ = {
			isa = PBXGroup;
			children = (
				7AEF60E42CF787E600CFA05A /* components */,
				7AEF60DC2CF77A2100CFA05A /* CurrencyConverterView.swift */,
				7AEF60DE2CF77A3500CFA05A /* CurrencyConverterViewModel.swift */,
			);
			path = CurrencyConverter;
			sourceTree = "<group>";
		};
		7AEF60E42CF787E600CFA05A /* components */ = {
			isa = PBXGroup;
			children = (
				7AEF60E52CF787F800CFA05A /* LineChart.swift */,
			);
			path = components;
			sourceTree = "<group>";
		};
		7AF2957E2D1352120089D345 /* Transaction */ = {
			isa = PBXGroup;
			children = (
				7AF2957C2D1351E50089D345 /* AllTransactionsView.swift */,
				7AF2957F2D13522B0089D345 /* TransactionStatsHeader.swift */,
				7AF295812D1352490089D345 /* StatBox.swift */,
				7AF295832D1352860089D345 /* EmptyTransactionsView.swift */,
			);
			path = Transaction;
			sourceTree = "<group>";
		};
		7AF79D452CEA03CD00DD0C64 /* onBoarding */ = {
			isa = PBXGroup;
			children = (
				7AF79D462CEA03E800DD0C64 /* onBoardingView.swift */,
				7AF79D482CEA042D00DD0C64 /* pageView.swift */,
			);
			path = onBoarding;
			sourceTree = "<group>";
		};
		B0DE1F1A2CE3BAA400432CFB = {
			isa = PBXGroup;
			children = (
				B0DE1F252CE3BAA400432CFB /* brichios */,
				B0DE1F242CE3BAA400432CFB /* Products */,
			);
			sourceTree = "<group>";
		};
		B0DE1F242CE3BAA400432CFB /* Products */ = {
			isa = PBXGroup;
			children = (
				B0DE1F232CE3BAA400432CFB /* brichios.app */,
			);
			name = Products;
			sourceTree = "<group>";
		};
		B0DE1F252CE3BAA400432CFB /* brichios */ = {
			isa = PBXGroup;
			children = (
				B0DE1F432CE3BC2F00432CFB /* ui */,
				B0DE1F3D2CE3BBD900432CFB /* data */,
				B0DE1F262CE3BAA400432CFB /* AppDelegate.swift */,
				B0DE1F282CE3BAA400432CFB /* SceneDelegate.swift */,
				7A6F5F902CE4EFAA0015DEAF /* ContentView.swift */,
				7A8BBB642CECF0E00081BEE2 /* HomeBrich.swift */,
				B0DE1F2C2CE3BAA400432CFB /* Main.storyboard */,
				B0DE1F322CE3BAA400432CFB /* logo.jpeg */,
				7A0005162CF375600071E4C0 /* Assets.xcassets */,
				B0DE1F342CE3BAA400432CFB /* LaunchScreen.storyboard */,
				B0DE1F372CE3BAA400432CFB /* Info.plist */,
				B0DE1F2F2CE3BAA400432CFB /* brichios.xcdatamodeld */,
			);
			path = brichios;
			sourceTree = "<group>";
		};
		B0DE1F3D2CE3BBD900432CFB /* data */ = {
			isa = PBXGroup;
			children = (
				7AB16DCD2CEE8D19001855CA /* local */,
				7AB16D8E2CEE12D1001855CA /* models */,
				B0DE1F412CE3BC0B00432CFB /* repositories */,
				B0DE1F402CE3BC0200432CFB /* network */,
				B0DE1F3E2CE3BBE800432CFB /* entities */,
			);
			path = data;
			sourceTree = "<group>";
		};
		B0DE1F3E2CE3BBE800432CFB /* entities */ = {
			isa = PBXGroup;
			children = (
				B0DE1F462CE3BC8F00432CFB /* User.swift */,
				7AB16DA52CEE7852001855CA /* ExchangeRate.swift */,
				7AB16DBB2CEE838A001855CA /* transaction.swift */,
				7AB16DBD2CEE83DF001855CA /* Wallet.swift */,
				7AB16DE32CEEA464001855CA /* Accountentity.swift */,
				7AB16DE52CEEA488001855CA /* CustomAccount.swift */,
				7A29B0912D075E05001B94B3 /* WalletSolana.swift */,
				7AF295762D1336840089D345 /* SolanaTransaction.swift */,
			);
			path = entities;
			sourceTree = "<group>";
		};
		B0DE1F402CE3BC0200432CFB /* network */ = {
			isa = PBXGroup;
			children = (
				B0DE1F442CE3BC7D00432CFB /* ApiService.swift */,
				7AEF68232D0A8DF6004F8E3E /* AccountsAPI.swift */,
			);
			path = network;
			sourceTree = "<group>";
		};
		B0DE1F412CE3BC0B00432CFB /* repositories */ = {
			isa = PBXGroup;
			children = (
				B0DE1F512CE3DB6B00432CFB /* UserRepository.swift */,
				7AB16DAC2CEE7914001855CA /* ExchangeRateRepository.swift */,
				7AEF60ED2CF78B6700CFA05A /* CurrencyConverterRepository.swift */,
				7AE95D102D0108750067E558 /* AccountRepository.swift */,
				7A29B0932D076043001B94B3 /* WalletRepository.swift */,
			);
			path = repositories;
			sourceTree = "<group>";
		};
		B0DE1F432CE3BC2F00432CFB /* ui */ = {
			isa = PBXGroup;
			children = (
				7AEF60DB2CF77A0600CFA05A /* CurrencyConverter */,
				7A0004EE2CF355560071E4C0 /* AuthenticationPage */,
				7A0004E72CF3499A0071E4C0 /* SplashScreen */,
				7A0004E42CF326F20071E4C0 /* BottomBar */,
				7AB16DDC2CEEA352001855CA /* OTP */,
				7AB16DD72CEEA30A001855CA /* AddAccount */,
				7AB16DD22CEEA2B3001855CA /* ListAccounts */,
				7AB16DCA2CEE8812001855CA /* Settings */,
				7AB16DB82CEE832F001855CA /* Wallets */,
				7AB16DB42CEE825D001855CA /* Profil */,
				7AB16DA72CEE78CA001855CA /* ExchangeRate */,
				7AF79D452CEA03CD00DD0C64 /* onBoarding */,
				7A6F5F922CE4EFC00015DEAF /* signup */,
				7A6F5F8B2CE4EEE80015DEAF /* forgetPassword */,
				B0DE1F482CE3BC9B00432CFB /* signin */,
			);
			path = ui;
			sourceTree = "<group>";
		};
		B0DE1F482CE3BC9B00432CFB /* signin */ = {
			isa = PBXGroup;
			children = (
				B0DE1F492CE3BCB300432CFB /* siginViewModel.swift */,
				B0DE1F4B2CE3BCC700432CFB /* signinViewController.swift */,
				7A6F5F892CE4EEAE0015DEAF /* signinView.swift */,
			);
			path = signin;
			sourceTree = "<group>";
		};
/* End PBXGroup section */

/* Begin PBXNativeTarget section */
		B0DE1F222CE3BAA400432CFB /* brichios */ = {
			isa = PBXNativeTarget;
			buildConfigurationList = B0DE1F3A2CE3BAA400432CFB /* Build configuration list for PBXNativeTarget "brichios" */;
			buildPhases = (
				B0DE1F1F2CE3BAA400432CFB /* Sources */,
				B0DE1F202CE3BAA400432CFB /* Frameworks */,
				B0DE1F212CE3BAA400432CFB /* Resources */,
			);
			buildRules = (
			);
			dependencies = (
			);
			name = brichios;
			packageProductDependencies = (
				B0DE1F542CE3DD4100432CFB /* Alamofire */,
				7AB16D962CEE58FA001855CA /* SwiftKeychainWrapper */,
				7A8ED0302D0A148300070EEA /* CodeScanner */,
				7AEF68282D0A99E8004F8E3E /* KeychainSwift */,
			);
			productName = brichios;
			productReference = B0DE1F232CE3BAA400432CFB /* brichios.app */;
			productType = "com.apple.product-type.application";
		};
/* End PBXNativeTarget section */

/* Begin PBXProject section */
		B0DE1F1B2CE3BAA400432CFB /* Project object */ = {
			isa = PBXProject;
			attributes = {
				BuildIndependentTargetsInParallel = 1;
				LastSwiftUpdateCheck = 1410;
				LastUpgradeCheck = 1410;
				TargetAttributes = {
					B0DE1F222CE3BAA400432CFB = {
						CreatedOnToolsVersion = 14.1;
					};
				};
			};
			buildConfigurationList = B0DE1F1E2CE3BAA400432CFB /* Build configuration list for PBXProject "brichios" */;
			compatibilityVersion = "Xcode 14.0";
			developmentRegion = en;
			hasScannedForEncodings = 0;
			knownRegions = (
				en,
				Base,
			);
			mainGroup = B0DE1F1A2CE3BAA400432CFB;
			packageReferences = (
				B0DE1F532CE3DD4100432CFB /* XCRemoteSwiftPackageReference "Alamofire" */,
				7AB16D952CEE58FA001855CA /* XCRemoteSwiftPackageReference "SwiftKeychainWrapper" */,
				7A8ED02F2D0A148300070EEA /* XCRemoteSwiftPackageReference "CodeScanner" */,
				7AEF68272D0A99E8004F8E3E /* XCRemoteSwiftPackageReference "keychain-swift" */,
			);
			productRefGroup = B0DE1F242CE3BAA400432CFB /* Products */;
			projectDirPath = "";
			projectRoot = "";
			targets = (
				B0DE1F222CE3BAA400432CFB /* brichios */,
			);
		};
/* End PBXProject section */

/* Begin PBXResourcesBuildPhase section */
		B0DE1F212CE3BAA400432CFB /* Resources */ = {
			isa = PBXResourcesBuildPhase;
			buildActionMask = 2147483647;
			files = (
				B0DE1F362CE3BAA400432CFB /* LaunchScreen.storyboard in Resources */,
				B0DE1F332CE3BAA400432CFB /* logo.jpeg in Resources */,
				7A0005172CF375600071E4C0 /* Assets.xcassets in Resources */,
				B0DE1F2E2CE3BAA400432CFB /* Main.storyboard in Resources */,
			);
			runOnlyForDeploymentPostprocessing = 0;
		};
/* End PBXResourcesBuildPhase section */

/* Begin PBXSourcesBuildPhase section */
		B0DE1F1F2CE3BAA400432CFB /* Sources */ = {
			isa = PBXSourcesBuildPhase;
			buildActionMask = 2147483647;
			files = (
				7AF251E62CF8A5C600284A49 /* Expenses.swift in Sources */,
				7AB16DC52CEE84F8001855CA /* WalletRow.swift in Sources */,
				7AB16DE42CEEA464001855CA /* Accountentity.swift in Sources */,
				7A29B0922D075E05001B94B3 /* WalletSolana.swift in Sources */,
				7AEF60E62CF787F800CFA05A /* LineChart.swift in Sources */,
				7AF295982D1455050089D345 /* EmptyWalletsView.swift in Sources */,
				7AB16DBE2CEE83DF001855CA /* Wallet.swift in Sources */,
				7AB16DD42CEEA2D7001855CA /* ListAccountsView.swift in Sources */,
				7AEF60DD2CF77A2100CFA05A /* CurrencyConverterView.swift in Sources */,
				B0DE1F4E2CE3D4C200432CFB /* LoginRequest.swift in Sources */,
				7AF295842D1352860089D345 /* EmptyTransactionsView.swift in Sources */,
				7AF0DA9F2D01E1DD00C2CD52 /* newsItemsView.swift in Sources */,
				7AF295862D1443C80089D345 /* CreateTNDWalletRequest.swift in Sources */,
				7AF295922D1454940089D345 /* WalletSection.swift in Sources */,
				7A29B0992D077FAB001B94B3 /* GenerateQrCode.swift in Sources */,
				7AEF60EE2CF78B6700CFA05A /* CurrencyConverterRepository.swift in Sources */,
				7AB16DBC2CEE838A001855CA /* transaction.swift in Sources */,
				7AF2958E2D14534D0089D345 /* StatItem.swift in Sources */,
				B0DE1F312CE3BAA400432CFB /* brichios.xcdatamodeld in Sources */,
				B0DE1F452CE3BC7D00432CFB /* ApiService.swift in Sources */,
				7AF79D472CEA03E800DD0C64 /* onBoardingView.swift in Sources */,
				7AF2959C2D1455930089D345 /* WalletCard.swift in Sources */,
				B0DE1F4A2CE3BCB300432CFB /* siginViewModel.swift in Sources */,
				7AEF60EA2CF789E300CFA05A /* PredictionRequest.swift in Sources */,
				7AF295822D1352490089D345 /* StatBox.swift in Sources */,
				7AB16DA92CEE78E6001855CA /* ExchangeRateView.swift in Sources */,
				7AF2958C2D1453240089D345 /* QuickActionItem.swift in Sources */,
				7A29B0942D076043001B94B3 /* WalletRepository.swift in Sources */,
				7AB16DCC2CEE8832001855CA /* settingsView.swift in Sources */,
				7AB16DAD2CEE7914001855CA /* ExchangeRateRepository.swift in Sources */,
				7A8ED0332D0A1A3D00070EEA /* QRScannerView.swift in Sources */,
				7AB16DC32CEE84D1001855CA /* QuickActionButton.swift in Sources */,
				7AB16DBA2CEE833F001855CA /* walletView.swift in Sources */,
				7AB16DDE2CEEA35F001855CA /* OTPView.swift in Sources */,
				7ADDF78E2D09DAEB00CD6172 /* AlimentDialogView.swift in Sources */,
				7AB16DB22CEE81EE001855CA /* ExchangeRateRow.swift in Sources */,
				7A0004E62CF3270D0071E4C0 /* CustomBottomBar.swift in Sources */,
				7AB16DAB2CEE78FC001855CA /* ExchangeRateModelView.swift in Sources */,
				7AF2959E2D1467B30089D345 /* TNDWalletFund.swift in Sources */,
				B0DE1F522CE3DB6B00432CFB /* UserRepository.swift in Sources */,
				7AB16DC02CEE8445001855CA /* WalletDetailView.swift in Sources */,
				7AF295792D133AE40089D345 /* TransactionListView.swift in Sources */,
				7AEF60E12CF77A9800CFA05A /* CurrencyUiState.swift in Sources */,
				7A0004F02CF355710071E4C0 /* Home.swift in Sources */,
				7AF79D492CEA042D00DD0C64 /* pageView.swift in Sources */,
				7A29B0902D075DBA001B94B3 /* SendTransactionRequest.swift in Sources */,
				7AF295962D1454E10089D345 /* ErrorWalletsView.swift in Sources */,
				B0DE1F502CE3D56C00432CFB /* LoginResponse.swift in Sources */,
				7A6F5F8A2CE4EEAE0015DEAF /* signinView.swift in Sources */,
				7AF295902D14546C0089D345 /* TransactionSection.swift in Sources */,
				7AF295802D13522B0089D345 /* TransactionStatsHeader.swift in Sources */,
				7AEF60E82CF7899100CFA05A /* PredictionData.swift in Sources */,
				7AB16DC72CEE8579001855CA /* TransactionRow.swift in Sources */,
				7AE95D112D0108750067E558 /* AccountRepository.swift in Sources */,
				7A0004E92CF349B70071E4C0 /* SplashScreenView.swift in Sources */,
				B0DE1F472CE3BC8F00432CFB /* User.swift in Sources */,
				7AB16DB62CEE826F001855CA /* ProfilView.swift in Sources */,
				7AEF60EC2CF78A5B00CFA05A /* PredictionResponse.swift in Sources */,
				7AB16DD62CEEA2E9001855CA /* ListAccountsViewModel.swift in Sources */,
				7AF251E42CF8A5A800284A49 /* Card.swift in Sources */,
				7AB16DB02CEE81B2001855CA /* CurrencyDropdown.swift in Sources */,
				B0DE1F4C2CE3BCC700432CFB /* signinViewController.swift in Sources */,
				7AF295882D1445560089D345 /* CreateTNDWalletView.swift in Sources */,
				7AEF68242D0A8DF6004F8E3E /* AccountsAPI.swift in Sources */,
				7A6F5F8D2CE4EF050015DEAF /* forgetPasswordViewodel.swift in Sources */,
				7AF2957D2D1351E50089D345 /* AllTransactionsView.swift in Sources */,
				7AF0DA9D2D01DD1D00C2CD52 /* NewsItem.swift in Sources */,
				7AF2957B2D1348310089D345 /* SearchBar.swift in Sources */,
				7A6F5F912CE4EFAA0015DEAF /* ContentView.swift in Sources */,
				7AB16DD12CEE8D79001855CA /* localStorage.swift in Sources */,
				7A29B08E2D075D96001B94B3 /* CurrencyConversionRequest.swift in Sources */,
				7AB16DC92CEE8624001855CA /* WalletViewModel.swift in Sources */,
				7AF295772D1336840089D345 /* SolanaTransaction.swift in Sources */,
				7A0004ED2CF350520071E4C0 /* SplashScreenViewController.swift in Sources */,
				7AE95D132D010B9B0067E558 /* Account.swift in Sources */,
				7AB16DDB2CEEA32C001855CA /* AddAccountViewModel.swift in Sources */,
				7AB16DE62CEEA488001855CA /* CustomAccount.swift in Sources */,
				7AB16DD92CEEA320001855CA /* addAccountView.swift in Sources */,
				7A6F5F942CE4EFE00015DEAF /* signupView.swift in Sources */,
				B0DE1F272CE3BAA400432CFB /* AppDelegate.swift in Sources */,
				7A29B0962D07650F001B94B3 /* WalletUI.swift in Sources */,
				7AB16DE02CEEA386001855CA /* OTPViewModel.swift in Sources */,
				7AF2958A2D1452AE0089D345 /* TNDWalletCard.swift in Sources */,
				7AEF60DF2CF77A3500CFA05A /* CurrencyConverterViewModel.swift in Sources */,
				7AF295942D1454B80089D345 /* LoadingWalletsView.swift in Sources */,
				7A6F5F8F2CE4EF160015DEAF /* forgetPasswordView.swift in Sources */,
				7A6F5F962CE4EFF10015DEAF /* signupViewModel.swift in Sources */,
				7AEF60E32CF77AB900CFA05A /* ExchangeRateUI.swift in Sources */,
				7A0004F22CF358A20071E4C0 /* BiometricAuthManager.swift in Sources */,
				B0DE1F292CE3BAA400432CFB /* SceneDelegate.swift in Sources */,
				7AB16DA62CEE7852001855CA /* ExchangeRate.swift in Sources */,
				7A8BBB652CECF0E00081BEE2 /* HomeBrich.swift in Sources */,
			);
			runOnlyForDeploymentPostprocessing = 0;
		};
/* End PBXSourcesBuildPhase section */

/* Begin PBXVariantGroup section */
		B0DE1F2C2CE3BAA400432CFB /* Main.storyboard */ = {
			isa = PBXVariantGroup;
			children = (
				B0DE1F2D2CE3BAA400432CFB /* Base */,
			);
			name = Main.storyboard;
			sourceTree = "<group>";
		};
		B0DE1F342CE3BAA400432CFB /* LaunchScreen.storyboard */ = {
			isa = PBXVariantGroup;
			children = (
				B0DE1F352CE3BAA400432CFB /* Base */,
			);
			name = LaunchScreen.storyboard;
			sourceTree = "<group>";
		};
/* End PBXVariantGroup section */

/* Begin XCBuildConfiguration section */
		B0DE1F382CE3BAA400432CFB /* Debug */ = {
			isa = XCBuildConfiguration;
			buildSettings = {
				ALWAYS_SEARCH_USER_PATHS = NO;
				CLANG_ANALYZER_NONNULL = YES;
				CLANG_ANALYZER_NUMBER_OBJECT_CONVERSION = YES_AGGRESSIVE;
				CLANG_CXX_LANGUAGE_STANDARD = "gnu++20";
				CLANG_ENABLE_MODULES = YES;
				CLANG_ENABLE_OBJC_ARC = YES;
				CLANG_ENABLE_OBJC_WEAK = YES;
				CLANG_WARN_BLOCK_CAPTURE_AUTORELEASING = YES;
				CLANG_WARN_BOOL_CONVERSION = YES;
				CLANG_WARN_COMMA = YES;
				CLANG_WARN_CONSTANT_CONVERSION = YES;
				CLANG_WARN_DEPRECATED_OBJC_IMPLEMENTATIONS = YES;
				CLANG_WARN_DIRECT_OBJC_ISA_USAGE = YES_ERROR;
				CLANG_WARN_DOCUMENTATION_COMMENTS = YES;
				CLANG_WARN_EMPTY_BODY = YES;
				CLANG_WARN_ENUM_CONVERSION = YES;
				CLANG_WARN_INFINITE_RECURSION = YES;
				CLANG_WARN_INT_CONVERSION = YES;
				CLANG_WARN_NON_LITERAL_NULL_CONVERSION = YES;
				CLANG_WARN_OBJC_IMPLICIT_RETAIN_SELF = YES;
				CLANG_WARN_OBJC_LITERAL_CONVERSION = YES;
				CLANG_WARN_OBJC_ROOT_CLASS = YES_ERROR;
				CLANG_WARN_QUOTED_INCLUDE_IN_FRAMEWORK_HEADER = YES;
				CLANG_WARN_RANGE_LOOP_ANALYSIS = YES;
				CLANG_WARN_STRICT_PROTOTYPES = YES;
				CLANG_WARN_SUSPICIOUS_MOVE = YES;
				CLANG_WARN_UNGUARDED_AVAILABILITY = YES_AGGRESSIVE;
				CLANG_WARN_UNREACHABLE_CODE = YES;
				CLANG_WARN__DUPLICATE_METHOD_MATCH = YES;
				COPY_PHASE_STRIP = NO;
				DEBUG_INFORMATION_FORMAT = dwarf;
				ENABLE_STRICT_OBJC_MSGSEND = YES;
				ENABLE_TESTABILITY = YES;
				GCC_C_LANGUAGE_STANDARD = gnu11;
				GCC_DYNAMIC_NO_PIC = NO;
				GCC_NO_COMMON_BLOCKS = YES;
				GCC_OPTIMIZATION_LEVEL = 0;
				GCC_PREPROCESSOR_DEFINITIONS = (
					"DEBUG=1",
					"$(inherited)",
				);
				GCC_WARN_64_TO_32_BIT_CONVERSION = YES;
				GCC_WARN_ABOUT_RETURN_TYPE = YES_ERROR;
				GCC_WARN_UNDECLARED_SELECTOR = YES;
				GCC_WARN_UNINITIALIZED_AUTOS = YES_AGGRESSIVE;
				GCC_WARN_UNUSED_FUNCTION = YES;
				GCC_WARN_UNUSED_VARIABLE = YES;
				IPHONEOS_DEPLOYMENT_TARGET = 16.1;
				MTL_ENABLE_DEBUG_INFO = INCLUDE_SOURCE;
				MTL_FAST_MATH = YES;
				ONLY_ACTIVE_ARCH = YES;
				SDKROOT = iphoneos;
				SWIFT_ACTIVE_COMPILATION_CONDITIONS = DEBUG;
				SWIFT_OPTIMIZATION_LEVEL = "-Onone";
			};
			name = Debug;
		};
		B0DE1F392CE3BAA400432CFB /* Release */ = {
			isa = XCBuildConfiguration;
			buildSettings = {
				ALWAYS_SEARCH_USER_PATHS = NO;
				CLANG_ANALYZER_NONNULL = YES;
				CLANG_ANALYZER_NUMBER_OBJECT_CONVERSION = YES_AGGRESSIVE;
				CLANG_CXX_LANGUAGE_STANDARD = "gnu++20";
				CLANG_ENABLE_MODULES = YES;
				CLANG_ENABLE_OBJC_ARC = YES;
				CLANG_ENABLE_OBJC_WEAK = YES;
				CLANG_WARN_BLOCK_CAPTURE_AUTORELEASING = YES;
				CLANG_WARN_BOOL_CONVERSION = YES;
				CLANG_WARN_COMMA = YES;
				CLANG_WARN_CONSTANT_CONVERSION = YES;
				CLANG_WARN_DEPRECATED_OBJC_IMPLEMENTATIONS = YES;
				CLANG_WARN_DIRECT_OBJC_ISA_USAGE = YES_ERROR;
				CLANG_WARN_DOCUMENTATION_COMMENTS = YES;
				CLANG_WARN_EMPTY_BODY = YES;
				CLANG_WARN_ENUM_CONVERSION = YES;
				CLANG_WARN_INFINITE_RECURSION = YES;
				CLANG_WARN_INT_CONVERSION = YES;
				CLANG_WARN_NON_LITERAL_NULL_CONVERSION = YES;
				CLANG_WARN_OBJC_IMPLICIT_RETAIN_SELF = YES;
				CLANG_WARN_OBJC_LITERAL_CONVERSION = YES;
				CLANG_WARN_OBJC_ROOT_CLASS = YES_ERROR;
				CLANG_WARN_QUOTED_INCLUDE_IN_FRAMEWORK_HEADER = YES;
				CLANG_WARN_RANGE_LOOP_ANALYSIS = YES;
				CLANG_WARN_STRICT_PROTOTYPES = YES;
				CLANG_WARN_SUSPICIOUS_MOVE = YES;
				CLANG_WARN_UNGUARDED_AVAILABILITY = YES_AGGRESSIVE;
				CLANG_WARN_UNREACHABLE_CODE = YES;
				CLANG_WARN__DUPLICATE_METHOD_MATCH = YES;
				COPY_PHASE_STRIP = NO;
				DEBUG_INFORMATION_FORMAT = "dwarf-with-dsym";
				ENABLE_NS_ASSERTIONS = NO;
				ENABLE_STRICT_OBJC_MSGSEND = YES;
				GCC_C_LANGUAGE_STANDARD = gnu11;
				GCC_NO_COMMON_BLOCKS = YES;
				GCC_WARN_64_TO_32_BIT_CONVERSION = YES;
				GCC_WARN_ABOUT_RETURN_TYPE = YES_ERROR;
				GCC_WARN_UNDECLARED_SELECTOR = YES;
				GCC_WARN_UNINITIALIZED_AUTOS = YES_AGGRESSIVE;
				GCC_WARN_UNUSED_FUNCTION = YES;
				GCC_WARN_UNUSED_VARIABLE = YES;
				IPHONEOS_DEPLOYMENT_TARGET = 16.1;
				MTL_ENABLE_DEBUG_INFO = NO;
				MTL_FAST_MATH = YES;
				SDKROOT = iphoneos;
				SWIFT_COMPILATION_MODE = wholemodule;
				SWIFT_OPTIMIZATION_LEVEL = "-O";
				VALIDATE_PRODUCT = YES;
			};
			name = Release;
		};
		B0DE1F3B2CE3BAA400432CFB /* Debug */ = {
			isa = XCBuildConfiguration;
			buildSettings = {
				ASSETCATALOG_COMPILER_APPICON_NAME = AppIcon;
				ASSETCATALOG_COMPILER_GLOBAL_ACCENT_COLOR_NAME = AccentColor;
				CODE_SIGN_STYLE = Automatic;
				CURRENT_PROJECT_VERSION = 1;
				DEVELOPMENT_TEAM = 953V584L2D;
				GENERATE_INFOPLIST_FILE = YES;
				INFOPLIST_FILE = brichios/Info.plist;
				INFOPLIST_KEY_NSCameraUsageDescription = "We need to scan QR codes";
				INFOPLIST_KEY_NSFaceIDUsageDescription = "we use it to unlock the app";
				INFOPLIST_KEY_UIApplicationSupportsIndirectInputEvents = YES;
				INFOPLIST_KEY_UILaunchStoryboardName = LaunchScreen.storyboard;
				INFOPLIST_KEY_UIMainStoryboardFile = Main;
				INFOPLIST_KEY_UISupportedInterfaceOrientations_iPad = "UIInterfaceOrientationPortrait UIInterfaceOrientationPortraitUpsideDown UIInterfaceOrientationLandscapeLeft UIInterfaceOrientationLandscapeRight";
				INFOPLIST_KEY_UISupportedInterfaceOrientations_iPhone = "UIInterfaceOrientationPortrait UIInterfaceOrientationLandscapeLeft UIInterfaceOrientationLandscapeRight";
				LD_RUNPATH_SEARCH_PATHS = (
					"$(inherited)",
					"@executable_path/Frameworks",
				);
				MARKETING_VERSION = 1.0;
				PRODUCT_BUNDLE_IDENTIFIER = esprit.BRich.brichios;
				PRODUCT_NAME = "$(TARGET_NAME)";
				SWIFT_EMIT_LOC_STRINGS = YES;
				SWIFT_VERSION = 5.0;
				TARGETED_DEVICE_FAMILY = "1,2";
			};
			name = Debug;
		};
		B0DE1F3C2CE3BAA400432CFB /* Release */ = {
			isa = XCBuildConfiguration;
			buildSettings = {
				ASSETCATALOG_COMPILER_APPICON_NAME = AppIcon;
				ASSETCATALOG_COMPILER_GLOBAL_ACCENT_COLOR_NAME = AccentColor;
				CODE_SIGN_STYLE = Automatic;
				CURRENT_PROJECT_VERSION = 1;
				DEVELOPMENT_TEAM = 953V584L2D;
				GENERATE_INFOPLIST_FILE = YES;
				INFOPLIST_FILE = brichios/Info.plist;
				INFOPLIST_KEY_NSCameraUsageDescription = "We need to scan QR codes";
				INFOPLIST_KEY_NSFaceIDUsageDescription = "we use it to unlock the app";
				INFOPLIST_KEY_UIApplicationSupportsIndirectInputEvents = YES;
				INFOPLIST_KEY_UILaunchStoryboardName = LaunchScreen.storyboard;
				INFOPLIST_KEY_UIMainStoryboardFile = Main;
				INFOPLIST_KEY_UISupportedInterfaceOrientations_iPad = "UIInterfaceOrientationPortrait UIInterfaceOrientationPortraitUpsideDown UIInterfaceOrientationLandscapeLeft UIInterfaceOrientationLandscapeRight";
				INFOPLIST_KEY_UISupportedInterfaceOrientations_iPhone = "UIInterfaceOrientationPortrait UIInterfaceOrientationLandscapeLeft UIInterfaceOrientationLandscapeRight";
				LD_RUNPATH_SEARCH_PATHS = (
					"$(inherited)",
					"@executable_path/Frameworks",
				);
				MARKETING_VERSION = 1.0;
				PRODUCT_BUNDLE_IDENTIFIER = esprit.BRich.brichios;
				PRODUCT_NAME = "$(TARGET_NAME)";
				SWIFT_EMIT_LOC_STRINGS = YES;
				SWIFT_VERSION = 5.0;
				TARGETED_DEVICE_FAMILY = "1,2";
			};
			name = Release;
		};
/* End XCBuildConfiguration section */

/* Begin XCConfigurationList section */
		B0DE1F1E2CE3BAA400432CFB /* Build configuration list for PBXProject "brichios" */ = {
			isa = XCConfigurationList;
			buildConfigurations = (
				B0DE1F382CE3BAA400432CFB /* Debug */,
				B0DE1F392CE3BAA400432CFB /* Release */,
			);
			defaultConfigurationIsVisible = 0;
			defaultConfigurationName = Release;
		};
		B0DE1F3A2CE3BAA400432CFB /* Build configuration list for PBXNativeTarget "brichios" */ = {
			isa = XCConfigurationList;
			buildConfigurations = (
				B0DE1F3B2CE3BAA400432CFB /* Debug */,
				B0DE1F3C2CE3BAA400432CFB /* Release */,
			);
			defaultConfigurationIsVisible = 0;
			defaultConfigurationName = Release;
		};
/* End XCConfigurationList section */

/* Begin XCRemoteSwiftPackageReference section */
		7A8ED02F2D0A148300070EEA /* XCRemoteSwiftPackageReference "CodeScanner" */ = {
			isa = XCRemoteSwiftPackageReference;
			repositoryURL = "https://github.com/twostraws/CodeScanner";
			requirement = {
				kind = upToNextMajorVersion;
				minimumVersion = 2.5.2;
			};
		};
		7AB16D952CEE58FA001855CA /* XCRemoteSwiftPackageReference "SwiftKeychainWrapper" */ = {
			isa = XCRemoteSwiftPackageReference;
			repositoryURL = "https://github.com/jrendel/SwiftKeychainWrapper.git";
			requirement = {
				kind = upToNextMajorVersion;
				minimumVersion = 4.0.1;
			};
		};
		7AEF68272D0A99E8004F8E3E /* XCRemoteSwiftPackageReference "keychain-swift" */ = {
			isa = XCRemoteSwiftPackageReference;
			repositoryURL = "https://github.com/evgenyneu/keychain-swift.git";
			requirement = {
				kind = upToNextMajorVersion;
				minimumVersion = 24.0.0;
			};
		};
		B0DE1F532CE3DD4100432CFB /* XCRemoteSwiftPackageReference "Alamofire" */ = {
			isa = XCRemoteSwiftPackageReference;
			repositoryURL = "https://github.com/Alamofire/Alamofire";
			requirement = {
				kind = upToNextMajorVersion;
				minimumVersion = 5.0.0;
			};
		};
/* End XCRemoteSwiftPackageReference section */

/* Begin XCSwiftPackageProductDependency section */
		7A8ED0302D0A148300070EEA /* CodeScanner */ = {
			isa = XCSwiftPackageProductDependency;
			package = 7A8ED02F2D0A148300070EEA /* XCRemoteSwiftPackageReference "CodeScanner" */;
			productName = CodeScanner;
		};
		7AB16D962CEE58FA001855CA /* SwiftKeychainWrapper */ = {
			isa = XCSwiftPackageProductDependency;
			package = 7AB16D952CEE58FA001855CA /* XCRemoteSwiftPackageReference "SwiftKeychainWrapper" */;
			productName = SwiftKeychainWrapper;
		};
		7AEF68282D0A99E8004F8E3E /* KeychainSwift */ = {
			isa = XCSwiftPackageProductDependency;
			package = 7AEF68272D0A99E8004F8E3E /* XCRemoteSwiftPackageReference "keychain-swift" */;
			productName = KeychainSwift;
		};
		B0DE1F542CE3DD4100432CFB /* Alamofire */ = {
			isa = XCSwiftPackageProductDependency;
			package = B0DE1F532CE3DD4100432CFB /* XCRemoteSwiftPackageReference "Alamofire" */;
			productName = Alamofire;
		};
/* End XCSwiftPackageProductDependency section */

/* Begin XCVersionGroup section */
		B0DE1F2F2CE3BAA400432CFB /* brichios.xcdatamodeld */ = {
			isa = XCVersionGroup;
			children = (
				B0DE1F302CE3BAA400432CFB /* brichios.xcdatamodel */,
			);
			currentVersion = B0DE1F302CE3BAA400432CFB /* brichios.xcdatamodel */;
			path = brichios.xcdatamodeld;
			sourceTree = "<group>";
			versionGroupType = wrapper.xcdatamodel;
		};
/* End XCVersionGroup section */
	};
	rootObject = B0DE1F1B2CE3BAA400432CFB /* Project object */;
}
