// !$*UTF8*$!
{
	archiveVersion = 1;
	classes = {
	};
	objectVersion = 56;
	objects = {

/* Begin PBXBuildFile section */
		B0DE1F272CE3BAA400432CFB /* AppDelegate.swift in Sources */ = {isa = PBXBuildFile; fileRef = B0DE1F262CE3BAA400432CFB /* AppDelegate.swift */; };
		B0DE1F292CE3BAA400432CFB /* SceneDelegate.swift in Sources */ = {isa = PBXBuildFile; fileRef = B0DE1F282CE3BAA400432CFB /* SceneDelegate.swift */; };
		B0DE1F2B2CE3BAA400432CFB /* ViewController.swift in Sources */ = {isa = PBXBuildFile; fileRef = B0DE1F2A2CE3BAA400432CFB /* ViewController.swift */; };
		B0DE1F2E2CE3BAA400432CFB /* Main.storyboard in Resources */ = {isa = PBXBuildFile; fileRef = B0DE1F2C2CE3BAA400432CFB /* Main.storyboard */; };
		B0DE1F312CE3BAA400432CFB /* brichios.xcdatamodeld in Sources */ = {isa = PBXBuildFile; fileRef = B0DE1F2F2CE3BAA400432CFB /* brichios.xcdatamodeld */; };
		B0DE1F332CE3BAA400432CFB /* Assets.xcassets in Resources */ = {isa = PBXBuildFile; fileRef = B0DE1F322CE3BAA400432CFB /* Assets.xcassets */; };
		B0DE1F362CE3BAA400432CFB /* LaunchScreen.storyboard in Resources */ = {isa = PBXBuildFile; fileRef = B0DE1F342CE3BAA400432CFB /* LaunchScreen.storyboard */; };
		B0DE1F452CE3BC7D00432CFB /* ApiService.swift in Sources */ = {isa = PBXBuildFile; fileRef = B0DE1F442CE3BC7D00432CFB /* ApiService.swift */; };
		B0DE1F472CE3BC8F00432CFB /* User.swift in Sources */ = {isa = PBXBuildFile; fileRef = B0DE1F462CE3BC8F00432CFB /* User.swift */; };
		B0DE1F4A2CE3BCB300432CFB /* siginViewModel.swift in Sources */ = {isa = PBXBuildFile; fileRef = B0DE1F492CE3BCB300432CFB /* siginViewModel.swift */; };
		B0DE1F4C2CE3BCC700432CFB /* signinViewController.swift in Sources */ = {isa = PBXBuildFile; fileRef = B0DE1F4B2CE3BCC700432CFB /* signinViewController.swift */; };
/* End PBXBuildFile section */

/* Begin PBXFileReference section */
		B0DE1F232CE3BAA400432CFB /* brichios.app */ = {isa = PBXFileReference; explicitFileType = wrapper.application; includeInIndex = 0; path = brichios.app; sourceTree = BUILT_PRODUCTS_DIR; };
		B0DE1F262CE3BAA400432CFB /* AppDelegate.swift */ = {isa = PBXFileReference; lastKnownFileType = sourcecode.swift; path = AppDelegate.swift; sourceTree = "<group>"; };
		B0DE1F282CE3BAA400432CFB /* SceneDelegate.swift */ = {isa = PBXFileReference; lastKnownFileType = sourcecode.swift; path = SceneDelegate.swift; sourceTree = "<group>"; };
		B0DE1F2A2CE3BAA400432CFB /* ViewController.swift */ = {isa = PBXFileReference; lastKnownFileType = sourcecode.swift; path = ViewController.swift; sourceTree = "<group>"; };
		B0DE1F2D2CE3BAA400432CFB /* Base */ = {isa = PBXFileReference; lastKnownFileType = file.storyboard; name = Base; path = Base.lproj/Main.storyboard; sourceTree = "<group>"; };
		B0DE1F302CE3BAA400432CFB /* brichios.xcdatamodel */ = {isa = PBXFileReference; lastKnownFileType = wrapper.xcdatamodel; path = brichios.xcdatamodel; sourceTree = "<group>"; };
		B0DE1F322CE3BAA400432CFB /* Assets.xcassets */ = {isa = PBXFileReference; lastKnownFileType = folder.assetcatalog; path = Assets.xcassets; sourceTree = "<group>"; };
		B0DE1F352CE3BAA400432CFB /* Base */ = {isa = PBXFileReference; lastKnownFileType = file.storyboard; name = Base; path = Base.lproj/LaunchScreen.storyboard; sourceTree = "<group>"; };
		B0DE1F372CE3BAA400432CFB /* Info.plist */ = {isa = PBXFileReference; lastKnownFileType = text.plist.xml; path = Info.plist; sourceTree = "<group>"; };
		B0DE1F442CE3BC7D00432CFB /* ApiService.swift */ = {isa = PBXFileReference; lastKnownFileType = sourcecode.swift; path = ApiService.swift; sourceTree = "<group>"; };
		B0DE1F462CE3BC8F00432CFB /* User.swift */ = {isa = PBXFileReference; lastKnownFileType = sourcecode.swift; path = User.swift; sourceTree = "<group>"; };
		B0DE1F492CE3BCB300432CFB /* siginViewModel.swift */ = {isa = PBXFileReference; lastKnownFileType = sourcecode.swift; path = siginViewModel.swift; sourceTree = "<group>"; };
		B0DE1F4B2CE3BCC700432CFB /* signinViewController.swift */ = {isa = PBXFileReference; lastKnownFileType = sourcecode.swift; path = signinViewController.swift; sourceTree = "<group>"; };
/* End PBXFileReference section */

/* Begin PBXFrameworksBuildPhase section */
		B0DE1F202CE3BAA400432CFB /* Frameworks */ = {
			isa = PBXFrameworksBuildPhase;
			buildActionMask = 2147483647;
			files = (
			);
			runOnlyForDeploymentPostprocessing = 0;
		};
/* End PBXFrameworksBuildPhase section */

/* Begin PBXGroup section */
		B0DE1F1A2CE3BAA400432CFB = {
			isa = PBXGroup;
			children = (
				B0DE1F252CE3BAA400432CFB /* brichios */,
				B0DE1F242CE3BAA400432CFB /* Products */,
			);
			sourceTree = "<group>";
		};
		B0DE1F242CE3BAA400432CFB /* Products */ = {
			isa = PBXGroup;
			children = (
				B0DE1F232CE3BAA400432CFB /* brichios.app */,
			);
			name = Products;
			sourceTree = "<group>";
		};
		B0DE1F252CE3BAA400432CFB /* brichios */ = {
			isa = PBXGroup;
			children = (
				B0DE1F432CE3BC2F00432CFB /* ui */,
				B0DE1F422CE3BC2500432CFB /* injection */,
				B0DE1F3D2CE3BBD900432CFB /* data */,
				B0DE1F262CE3BAA400432CFB /* AppDelegate.swift */,
				B0DE1F282CE3BAA400432CFB /* SceneDelegate.swift */,
				B0DE1F2A2CE3BAA400432CFB /* ViewController.swift */,
				B0DE1F2C2CE3BAA400432CFB /* Main.storyboard */,
				B0DE1F322CE3BAA400432CFB /* Assets.xcassets */,
				B0DE1F342CE3BAA400432CFB /* LaunchScreen.storyboard */,
				B0DE1F372CE3BAA400432CFB /* Info.plist */,
				B0DE1F2F2CE3BAA400432CFB /* brichios.xcdatamodeld */,
			);
			path = brichios;
			sourceTree = "<group>";
		};
		B0DE1F3D2CE3BBD900432CFB /* data */ = {
			isa = PBXGroup;
			children = (
				B0DE1F412CE3BC0B00432CFB /* repositories */,
				B0DE1F402CE3BC0200432CFB /* network */,
				B0DE1F3F2CE3BBFB00432CFB /* local */,
				B0DE1F3E2CE3BBE800432CFB /* entities */,
			);
			path = data;
			sourceTree = "<group>";
		};
		B0DE1F3E2CE3BBE800432CFB /* entities */ = {
			isa = PBXGroup;
			children = (
				B0DE1F462CE3BC8F00432CFB /* User.swift */,
			);
			path = entities;
			sourceTree = "<group>";
		};
		B0DE1F3F2CE3BBFB00432CFB /* local */ = {
			isa = PBXGroup;
			children = (
			);
			path = local;
			sourceTree = "<group>";
		};
		B0DE1F402CE3BC0200432CFB /* network */ = {
			isa = PBXGroup;
			children = (
				B0DE1F442CE3BC7D00432CFB /* ApiService.swift */,
			);
			path = network;
			sourceTree = "<group>";
		};
		B0DE1F412CE3BC0B00432CFB /* repositories */ = {
			isa = PBXGroup;
			children = (
			);
			path = repositories;
			sourceTree = "<group>";
		};
		B0DE1F422CE3BC2500432CFB /* injection */ = {
			isa = PBXGroup;
			children = (
			);
			path = injection;
			sourceTree = "<group>";
		};
		B0DE1F432CE3BC2F00432CFB /* ui */ = {
			isa = PBXGroup;
			children = (
				B0DE1F482CE3BC9B00432CFB /* signin */,
			);
			path = ui;
			sourceTree = "<group>";
		};
		B0DE1F482CE3BC9B00432CFB /* signin */ = {
			isa = PBXGroup;
			children = (
				B0DE1F492CE3BCB300432CFB /* siginViewModel.swift */,
				B0DE1F4B2CE3BCC700432CFB /* signinViewController.swift */,
			);
			path = signin;
			sourceTree = "<group>";
		};
/* End PBXGroup section */

/* Begin PBXNativeTarget section */
		B0DE1F222CE3BAA400432CFB /* brichios */ = {
			isa = PBXNativeTarget;
			buildConfigurationList = B0DE1F3A2CE3BAA400432CFB /* Build configuration list for PBXNativeTarget "brichios" */;
			buildPhases = (
				B0DE1F1F2CE3BAA400432CFB /* Sources */,
				B0DE1F202CE3BAA400432CFB /* Frameworks */,
				B0DE1F212CE3BAA400432CFB /* Resources */,
			);
			buildRules = (
			);
			dependencies = (
			);
			name = brichios;
			productName = brichios;
			productReference = B0DE1F232CE3BAA400432CFB /* brichios.app */;
			productType = "com.apple.product-type.application";
		};
/* End PBXNativeTarget section */

/* Begin PBXProject section */
		B0DE1F1B2CE3BAA400432CFB /* Project object */ = {
			isa = PBXProject;
			attributes = {
				BuildIndependentTargetsInParallel = 1;
				LastSwiftUpdateCheck = 1410;
				LastUpgradeCheck = 1410;
				TargetAttributes = {
					B0DE1F222CE3BAA400432CFB = {
						CreatedOnToolsVersion = 14.1;
					};
				};
			};
			buildConfigurationList = B0DE1F1E2CE3BAA400432CFB /* Build configuration list for PBXProject "brichios" */;
			compatibilityVersion = "Xcode 14.0";
			developmentRegion = en;
			hasScannedForEncodings = 0;
			knownRegions = (
				en,
				Base,
			);
			mainGroup = B0DE1F1A2CE3BAA400432CFB;
			productRefGroup = B0DE1F242CE3BAA400432CFB /* Products */;
			projectDirPath = "";
			projectRoot = "";
			targets = (
				B0DE1F222CE3BAA400432CFB /* brichios */,
			);
		};
/* End PBXProject section */

/* Begin PBXResourcesBuildPhase section */
		B0DE1F212CE3BAA400432CFB /* Resources */ = {
			isa = PBXResourcesBuildPhase;
			buildActionMask = 2147483647;
			files = (
				B0DE1F362CE3BAA400432CFB /* LaunchScreen.storyboard in Resources */,
				B0DE1F332CE3BAA400432CFB /* Assets.xcassets in Resources */,
				B0DE1F2E2CE3BAA400432CFB /* Main.storyboard in Resources */,
			);
			runOnlyForDeploymentPostprocessing = 0;
		};
/* End PBXResourcesBuildPhase section */

/* Begin PBXSourcesBuildPhase section */
		B0DE1F1F2CE3BAA400432CFB /* Sources */ = {
			isa = PBXSourcesBuildPhase;
			buildActionMask = 2147483647;
			files = (
				B0DE1F312CE3BAA400432CFB /* brichios.xcdatamodeld in Sources */,
				B0DE1F452CE3BC7D00432CFB /* ApiService.swift in Sources */,
				B0DE1F4A2CE3BCB300432CFB /* siginViewModel.swift in Sources */,
				B0DE1F472CE3BC8F00432CFB /* User.swift in Sources */,
				B0DE1F4C2CE3BCC700432CFB /* signinViewController.swift in Sources */,
				B0DE1F2B2CE3BAA400432CFB /* ViewController.swift in Sources */,
				B0DE1F272CE3BAA400432CFB /* AppDelegate.swift in Sources */,
				B0DE1F292CE3BAA400432CFB /* SceneDelegate.swift in Sources */,
			);
			runOnlyForDeploymentPostprocessing = 0;
		};
/* End PBXSourcesBuildPhase section */

/* Begin PBXVariantGroup section */
		B0DE1F2C2CE3BAA400432CFB /* Main.storyboard */ = {
			isa = PBXVariantGroup;
			children = (
				B0DE1F2D2CE3BAA400432CFB /* Base */,
			);
			name = Main.storyboard;
			sourceTree = "<group>";
		};
		B0DE1F342CE3BAA400432CFB /* LaunchScreen.storyboard */ = {
			isa = PBXVariantGroup;
			children = (
				B0DE1F352CE3BAA400432CFB /* Base */,
			);
			name = LaunchScreen.storyboard;
			sourceTree = "<group>";
		};
/* End PBXVariantGroup section */

/* Begin XCBuildConfiguration section */
		B0DE1F382CE3BAA400432CFB /* Debug */ = {
			isa = XCBuildConfiguration;
			buildSettings = {
				ALWAYS_SEARCH_USER_PATHS = NO;
				CLANG_ANALYZER_NONNULL = YES;
				CLANG_ANALYZER_NUMBER_OBJECT_CONVERSION = YES_AGGRESSIVE;
				CLANG_CXX_LANGUAGE_STANDARD = "gnu++20";
				CLANG_ENABLE_MODULES = YES;
				CLANG_ENABLE_OBJC_ARC = YES;
				CLANG_ENABLE_OBJC_WEAK = YES;
				CLANG_WARN_BLOCK_CAPTURE_AUTORELEASING = YES;
				CLANG_WARN_BOOL_CONVERSION = YES;
				CLANG_WARN_COMMA = YES;
				CLANG_WARN_CONSTANT_CONVERSION = YES;
				CLANG_WARN_DEPRECATED_OBJC_IMPLEMENTATIONS = YES;
				CLANG_WARN_DIRECT_OBJC_ISA_USAGE = YES_ERROR;
				CLANG_WARN_DOCUMENTATION_COMMENTS = YES;
				CLANG_WARN_EMPTY_BODY = YES;
				CLANG_WARN_ENUM_CONVERSION = YES;
				CLANG_WARN_INFINITE_RECURSION = YES;
				CLANG_WARN_INT_CONVERSION = YES;
				CLANG_WARN_NON_LITERAL_NULL_CONVERSION = YES;
				CLANG_WARN_OBJC_IMPLICIT_RETAIN_SELF = YES;
				CLANG_WARN_OBJC_LITERAL_CONVERSION = YES;
				CLANG_WARN_OBJC_ROOT_CLASS = YES_ERROR;
				CLANG_WARN_QUOTED_INCLUDE_IN_FRAMEWORK_HEADER = YES;
				CLANG_WARN_RANGE_LOOP_ANALYSIS = YES;
				CLANG_WARN_STRICT_PROTOTYPES = YES;
				CLANG_WARN_SUSPICIOUS_MOVE = YES;
				CLANG_WARN_UNGUARDED_AVAILABILITY = YES_AGGRESSIVE;
				CLANG_WARN_UNREACHABLE_CODE = YES;
				CLANG_WARN__DUPLICATE_METHOD_MATCH = YES;
				COPY_PHASE_STRIP = NO;
				DEBUG_INFORMATION_FORMAT = dwarf;
				ENABLE_STRICT_OBJC_MSGSEND = YES;
				ENABLE_TESTABILITY = YES;
				GCC_C_LANGUAGE_STANDARD = gnu11;
				GCC_DYNAMIC_NO_PIC = NO;
				GCC_NO_COMMON_BLOCKS = YES;
				GCC_OPTIMIZATION_LEVEL = 0;
				GCC_PREPROCESSOR_DEFINITIONS = (
					"DEBUG=1",
					"$(inherited)",
				);
				GCC_WARN_64_TO_32_BIT_CONVERSION = YES;
				GCC_WARN_ABOUT_RETURN_TYPE = YES_ERROR;
				GCC_WARN_UNDECLARED_SELECTOR = YES;
				GCC_WARN_UNINITIALIZED_AUTOS = YES_AGGRESSIVE;
				GCC_WARN_UNUSED_FUNCTION = YES;
				GCC_WARN_UNUSED_VARIABLE = YES;
				IPHONEOS_DEPLOYMENT_TARGET = 16.1;
				MTL_ENABLE_DEBUG_INFO = INCLUDE_SOURCE;
				MTL_FAST_MATH = YES;
				ONLY_ACTIVE_ARCH = YES;
				SDKROOT = iphoneos;
				SWIFT_ACTIVE_COMPILATION_CONDITIONS = DEBUG;
				SWIFT_OPTIMIZATION_LEVEL = "-Onone";
			};
			name = Debug;
		};
		B0DE1F392CE3BAA400432CFB /* Release */ = {
			isa = XCBuildConfiguration;
			buildSettings = {
				ALWAYS_SEARCH_USER_PATHS = NO;
				CLANG_ANALYZER_NONNULL = YES;
				CLANG_ANALYZER_NUMBER_OBJECT_CONVERSION = YES_AGGRESSIVE;
				CLANG_CXX_LANGUAGE_STANDARD = "gnu++20";
				CLANG_ENABLE_MODULES = YES;
				CLANG_ENABLE_OBJC_ARC = YES;
				CLANG_ENABLE_OBJC_WEAK = YES;
				CLANG_WARN_BLOCK_CAPTURE_AUTORELEASING = YES;
				CLANG_WARN_BOOL_CONVERSION = YES;
				CLANG_WARN_COMMA = YES;
				CLANG_WARN_CONSTANT_CONVERSION = YES;
				CLANG_WARN_DEPRECATED_OBJC_IMPLEMENTATIONS = YES;
				CLANG_WARN_DIRECT_OBJC_ISA_USAGE = YES_ERROR;
				CLANG_WARN_DOCUMENTATION_COMMENTS = YES;
				CLANG_WARN_EMPTY_BODY = YES;
				CLANG_WARN_ENUM_CONVERSION = YES;
				CLANG_WARN_INFINITE_RECURSION = YES;
				CLANG_WARN_INT_CONVERSION = YES;
				CLANG_WARN_NON_LITERAL_NULL_CONVERSION = YES;
				CLANG_WARN_OBJC_IMPLICIT_RETAIN_SELF = YES;
				CLANG_WARN_OBJC_LITERAL_CONVERSION = YES;
				CLANG_WARN_OBJC_ROOT_CLASS = YES_ERROR;
				CLANG_WARN_QUOTED_INCLUDE_IN_FRAMEWORK_HEADER = YES;
				CLANG_WARN_RANGE_LOOP_ANALYSIS = YES;
				CLANG_WARN_STRICT_PROTOTYPES = YES;
				CLANG_WARN_SUSPICIOUS_MOVE = YES;
				CLANG_WARN_UNGUARDED_AVAILABILITY = YES_AGGRESSIVE;
				CLANG_WARN_UNREACHABLE_CODE = YES;
				CLANG_WARN__DUPLICATE_METHOD_MATCH = YES;
				COPY_PHASE_STRIP = NO;
				DEBUG_INFORMATION_FORMAT = "dwarf-with-dsym";
				ENABLE_NS_ASSERTIONS = NO;
				ENABLE_STRICT_OBJC_MSGSEND = YES;
				GCC_C_LANGUAGE_STANDARD = gnu11;
				GCC_NO_COMMON_BLOCKS = YES;
				GCC_WARN_64_TO_32_BIT_CONVERSION = YES;
				GCC_WARN_ABOUT_RETURN_TYPE = YES_ERROR;
				GCC_WARN_UNDECLARED_SELECTOR = YES;
				GCC_WARN_UNINITIALIZED_AUTOS = YES_AGGRESSIVE;
				GCC_WARN_UNUSED_FUNCTION = YES;
				GCC_WARN_UNUSED_VARIABLE = YES;
				IPHONEOS_DEPLOYMENT_TARGET = 16.1;
				MTL_ENABLE_DEBUG_INFO = NO;
				MTL_FAST_MATH = YES;
				SDKROOT = iphoneos;
				SWIFT_COMPILATION_MODE = wholemodule;
				SWIFT_OPTIMIZATION_LEVEL = "-O";
				VALIDATE_PRODUCT = YES;
			};
			name = Release;
		};
		B0DE1F3B2CE3BAA400432CFB /* Debug */ = {
			isa = XCBuildConfiguration;
			buildSettings = {
				ASSETCATALOG_COMPILER_APPICON_NAME = AppIcon;
				ASSETCATALOG_COMPILER_GLOBAL_ACCENT_COLOR_NAME = AccentColor;
				CODE_SIGN_STYLE = Automatic;
				CURRENT_PROJECT_VERSION = 1;
				DEVELOPMENT_TEAM = 953V584L2D;
				GENERATE_INFOPLIST_FILE = YES;
				INFOPLIST_FILE = brichios/Info.plist;
				INFOPLIST_KEY_UIApplicationSupportsIndirectInputEvents = YES;
				INFOPLIST_KEY_UILaunchStoryboardName = LaunchScreen;
				INFOPLIST_KEY_UIMainStoryboardFile = Main;
				INFOPLIST_KEY_UISupportedInterfaceOrientations_iPad = "UIInterfaceOrientationPortrait UIInterfaceOrientationPortraitUpsideDown UIInterfaceOrientationLandscapeLeft UIInterfaceOrientationLandscapeRight";
				INFOPLIST_KEY_UISupportedInterfaceOrientations_iPhone = "UIInterfaceOrientationPortrait UIInterfaceOrientationLandscapeLeft UIInterfaceOrientationLandscapeRight";
				LD_RUNPATH_SEARCH_PATHS = (
					"$(inherited)",
					"@executable_path/Frameworks",
				);
				MARKETING_VERSION = 1.0;
				PRODUCT_BUNDLE_IDENTIFIER = esprit.BRich.brichios;
				PRODUCT_NAME = "$(TARGET_NAME)";
				SWIFT_EMIT_LOC_STRINGS = YES;
				SWIFT_VERSION = 5.0;
				TARGETED_DEVICE_FAMILY = "1,2";
			};
			name = Debug;
		};
		B0DE1F3C2CE3BAA400432CFB /* Release */ = {
			isa = XCBuildConfiguration;
			buildSettings = {
				ASSETCATALOG_COMPILER_APPICON_NAME = AppIcon;
				ASSETCATALOG_COMPILER_GLOBAL_ACCENT_COLOR_NAME = AccentColor;
				CODE_SIGN_STYLE = Automatic;
				CURRENT_PROJECT_VERSION = 1;
				DEVELOPMENT_TEAM = 953V584L2D;
				GENERATE_INFOPLIST_FILE = YES;
				INFOPLIST_FILE = brichios/Info.plist;
				INFOPLIST_KEY_UIApplicationSupportsIndirectInputEvents = YES;
				INFOPLIST_KEY_UILaunchStoryboardName = LaunchScreen;
				INFOPLIST_KEY_UIMainStoryboardFile = Main;
				INFOPLIST_KEY_UISupportedInterfaceOrientations_iPad = "UIInterfaceOrientationPortrait UIInterfaceOrientationPortraitUpsideDown UIInterfaceOrientationLandscapeLeft UIInterfaceOrientationLandscapeRight";
				INFOPLIST_KEY_UISupportedInterfaceOrientations_iPhone = "UIInterfaceOrientationPortrait UIInterfaceOrientationLandscapeLeft UIInterfaceOrientationLandscapeRight";
				LD_RUNPATH_SEARCH_PATHS = (
					"$(inherited)",
					"@executable_path/Frameworks",
				);
				MARKETING_VERSION = 1.0;
				PRODUCT_BUNDLE_IDENTIFIER = esprit.BRich.brichios;
				PRODUCT_NAME = "$(TARGET_NAME)";
				SWIFT_EMIT_LOC_STRINGS = YES;
				SWIFT_VERSION = 5.0;
				TARGETED_DEVICE_FAMILY = "1,2";
			};
			name = Release;
		};
/* End XCBuildConfiguration section */

/* Begin XCConfigurationList section */
		B0DE1F1E2CE3BAA400432CFB /* Build configuration list for PBXProject "brichios" */ = {
			isa = XCConfigurationList;
			buildConfigurations = (
				B0DE1F382CE3BAA400432CFB /* Debug */,
				B0DE1F392CE3BAA400432CFB /* Release */,
			);
			defaultConfigurationIsVisible = 0;
			defaultConfigurationName = Release;
		};
		B0DE1F3A2CE3BAA400432CFB /* Build configuration list for PBXNativeTarget "brichios" */ = {
			isa = XCConfigurationList;
			buildConfigurations = (
				B0DE1F3B2CE3BAA400432CFB /* Debug */,
				B0DE1F3C2CE3BAA400432CFB /* Release */,
			);
			defaultConfigurationIsVisible = 0;
			defaultConfigurationName = Release;
		};
/* End XCConfigurationList section */

/* Begin XCVersionGroup section */
		B0DE1F2F2CE3BAA400432CFB /* brichios.xcdatamodeld */ = {
			isa = XCVersionGroup;
			children = (
				B0DE1F302CE3BAA400432CFB /* brichios.xcdatamodel */,
			);
			currentVersion = B0DE1F302CE3BAA400432CFB /* brichios.xcdatamodel */;
			path = brichios.xcdatamodeld;
			sourceTree = "<group>";
			versionGroupType = wrapper.xcdatamodel;
		};
/* End XCVersionGroup section */
	};
	rootObject = B0DE1F1B2CE3BAA400432CFB /* Project object */;
}
